// !$*UTF8*$!
{
	archiveVersion = 1;
	classes = {
	};
	objectVersion = 50;
	objects = {

/* Begin PBXBuildFile section */
		0DC2B760B0374C6B5BDD0C98 /* Pods_CITATests.framework in Frameworks */ = {isa = PBXBuildFile; fileRef = 0EB2AACC437439C121F94134 /* Pods_CITATests.framework */; };
		1A0529C0214258EC00C847CA /* Unsigner.swift in Sources */ = {isa = PBXBuildFile; fileRef = 1A0529BF214258EC00C847CA /* Unsigner.swift */; };
		1A0529C2214279A500C847CA /* UnsignerTests.swift in Sources */ = {isa = PBXBuildFile; fileRef = 1A0529C1214279A500C847CA /* UnsignerTests.swift */; };
		1A0D0C032185A717003E680D /* EventLog.swift in Sources */ = {isa = PBXBuildFile; fileRef = 1A0D0C022185A717003E680D /* EventLog.swift */; };
		1A0D0C052185A861003E680D /* BloomFilter.swift in Sources */ = {isa = PBXBuildFile; fileRef = 1A0D0C042185A861003E680D /* BloomFilter.swift */; };
		1A0D0C072185A8EF003E680D /* Data+Extension.swift in Sources */ = {isa = PBXBuildFile; fileRef = 1A0D0C062185A8EF003E680D /* Data+Extension.swift */; };
		1A23CB002175A295001FECD6 /* cita-sdk-tests in Resources */ = {isa = PBXBuildFile; fileRef = 1A23CAFE2175A271001FECD6 /* cita-sdk-tests */; };
		1A42225E212AA59700DF1994 /* RPC+API.swift in Sources */ = {isa = PBXBuildFile; fileRef = 1A42225D212AA59700DF1994 /* RPC+API.swift */; };
		1A58853A211DC759007043F1 /* RPCTests.swift in Sources */ = {isa = PBXBuildFile; fileRef = 1A588539211DC759007043F1 /* RPCTests.swift */; };
		1A64297D211C5E0700352209 /* HTTPProvider.swift in Sources */ = {isa = PBXBuildFile; fileRef = 1A64297C211C5E0700352209 /* HTTPProvider.swift */; };
		1A64297F211C63E000352209 /* Config.swift in Sources */ = {isa = PBXBuildFile; fileRef = 1A64297E211C63E000352209 /* Config.swift */; };
		1A67ED38211BEAFD00DCE871 /* CITA.framework in Frameworks */ = {isa = PBXBuildFile; fileRef = 1A67ED2E211BEAFC00DCE871 /* CITA.framework */; };
		1A67ED3D211BEAFD00DCE871 /* HTTPProviderTests.swift in Sources */ = {isa = PBXBuildFile; fileRef = 1A67ED3C211BEAFD00DCE871 /* HTTPProviderTests.swift */; };
		1A67ED4D211D0AA600DCE871 /* RequestDispatcher.swift in Sources */ = {isa = PBXBuildFile; fileRef = 1A67ED4C211D0AA600DCE871 /* RequestDispatcher.swift */; };
		1A67ED50211D11C600DCE871 /* Request.swift in Sources */ = {isa = PBXBuildFile; fileRef = 1A67ED4F211D11C600DCE871 /* Request.swift */; };
		1A67ED52211D11D100DCE871 /* Response.swift in Sources */ = {isa = PBXBuildFile; fileRef = 1A67ED51211D11D100DCE871 /* Response.swift */; };
		1A67ED54211D122000DCE871 /* Method.swift in Sources */ = {isa = PBXBuildFile; fileRef = 1A67ED53211D122000DCE871 /* Method.swift */; };
		1A67ED56211D12A200DCE871 /* Params.swift in Sources */ = {isa = PBXBuildFile; fileRef = 1A67ED55211D12A200DCE871 /* Params.swift */; };
		1A67ED59211D151100DCE871 /* String+Extension.swift in Sources */ = {isa = PBXBuildFile; fileRef = 1A67ED58211D151100DCE871 /* String+Extension.swift */; };
		1A67ED5B211D1C3C00DCE871 /* RPC.swift in Sources */ = {isa = PBXBuildFile; fileRef = 1A67ED5A211D1C3C00DCE871 /* RPC.swift */; };
		1A67ED5F211D55E500DCE871 /* MetaData.swift in Sources */ = {isa = PBXBuildFile; fileRef = 1A67ED5E211D55E500DCE871 /* MetaData.swift */; };
		1A6B2B2921533FA5003420A0 /* Address.swift in Sources */ = {isa = PBXBuildFile; fileRef = 1A6B2B2821533FA5003420A0 /* Address.swift */; };
		1A6B2B2C21534CEF003420A0 /* AddressTests.swift in Sources */ = {isa = PBXBuildFile; fileRef = 1A6B2B2B21534CEF003420A0 /* AddressTests.swift */; };
		1A6B55072160EEBE001BA711 /* Config.json in Resources */ = {isa = PBXBuildFile; fileRef = 8990CDB62160682F00205129 /* Config.json */; };
		1A9204E02161B20B004B54DC /* Utils.swift in Sources */ = {isa = PBXBuildFile; fileRef = 1A9204DF2161B20B004B54DC /* Utils.swift */; };
		1A9204E22161BC0D004B54DC /* UtilsTests.swift in Sources */ = {isa = PBXBuildFile; fileRef = 1A9204E12161BC0D004B54DC /* UtilsTests.swift */; };
		1AA6F63521527B25001DA165 /* IntExtensionTests.swift in Sources */ = {isa = PBXBuildFile; fileRef = 1AA6F63421527B25001DA165 /* IntExtensionTests.swift */; };
		1AB5C6D8212112DA00148587 /* RPC+Promises.swift in Sources */ = {isa = PBXBuildFile; fileRef = 1AB5C6D7212112DA00148587 /* RPC+Promises.swift */; };
		1AB5C6DA212125A200148587 /* Int+Extension.swift in Sources */ = {isa = PBXBuildFile; fileRef = 1AB5C6D9212125A200148587 /* Int+Extension.swift */; };
		1AB5C6DC2121751400148587 /* Block.swift in Sources */ = {isa = PBXBuildFile; fileRef = 1AB5C6DB2121751400148587 /* Block.swift */; };
		1ACBC9AD2184152E00F20B8B /* Blockchain.pb.swift in Sources */ = {isa = PBXBuildFile; fileRef = 1ACBC9AC2184152D00F20B8B /* Blockchain.pb.swift */; };
		1ACBC9AF2184589D00F20B8B /* BlockHeader.swift in Sources */ = {isa = PBXBuildFile; fileRef = 1ACBC9AE2184589D00F20B8B /* BlockHeader.swift */; };
		1ACBC9B1218458F900F20B8B /* BlockBody.swift in Sources */ = {isa = PBXBuildFile; fileRef = 1ACBC9B0218458F900F20B8B /* BlockBody.swift */; };
		1ACBC9B32184592500F20B8B /* BlockTransaction.swift in Sources */ = {isa = PBXBuildFile; fileRef = 1ACBC9B22184592500F20B8B /* BlockTransaction.swift */; };
		1ACBC9B52184596300F20B8B /* Proof.swift in Sources */ = {isa = PBXBuildFile; fileRef = 1ACBC9B42184596300F20B8B /* Proof.swift */; };
		1AD65F8E2121795B00AA4C84 /* TransactionReceipt.swift in Sources */ = {isa = PBXBuildFile; fileRef = 1AD65F8D2121795B00AA4C84 /* TransactionReceipt.swift */; };
		1AD65F9021217AC000AA4C84 /* DecodeUtils.swift in Sources */ = {isa = PBXBuildFile; fileRef = 1AD65F8F21217AC000AA4C84 /* DecodeUtils.swift */; };
		1AD65F922121822600AA4C84 /* TransactionDetails.swift in Sources */ = {isa = PBXBuildFile; fileRef = 1AD65F912121822600AA4C84 /* TransactionDetails.swift */; };
		1AD65F97212294C800AA4C84 /* Transaction.swift in Sources */ = {isa = PBXBuildFile; fileRef = 1AD65F96212294C800AA4C84 /* Transaction.swift */; };
		1AD65F9D2122999900AA4C84 /* Secp251k1.swift in Sources */ = {isa = PBXBuildFile; fileRef = 1AD65F9C2122999900AA4C84 /* Secp251k1.swift */; };
		1AD65F9F21229AF500AA4C84 /* Signer.swift in Sources */ = {isa = PBXBuildFile; fileRef = 1AD65F9E21229AF500AA4C84 /* Signer.swift */; };
		1AD65FA12122A1F900AA4C84 /* TransactionSendingResult.swift in Sources */ = {isa = PBXBuildFile; fileRef = 1AD65FA02122A1F900AA4C84 /* TransactionSendingResult.swift */; };
		1AD65FA62122AF4400AA4C84 /* SignerTest.swift in Sources */ = {isa = PBXBuildFile; fileRef = 1AD65FA42122AF2F00AA4C84 /* SignerTest.swift */; };
		89733041217EB559001B8D93 /* MessageSigner.swift in Sources */ = {isa = PBXBuildFile; fileRef = 89733040217EB559001B8D93 /* MessageSigner.swift */; };
		89CDA5F121E848F00049A244 /* CITAError.swift in Sources */ = {isa = PBXBuildFile; fileRef = 89CDA5F021E848F00049A244 /* CITAError.swift */; };
		89CDA5F421E848FD0049A244 /* CITA.h in Headers */ = {isa = PBXBuildFile; fileRef = 89CDA5F221E848FD0049A244 /* CITA.h */; settings = {ATTRIBUTES = (Public, ); }; };
		89CDA5F521E848FD0049A244 /* CITA.swift in Sources */ = {isa = PBXBuildFile; fileRef = 89CDA5F321E848FD0049A244 /* CITA.swift */; };
		89CDA5F821E849570049A244 /* CITATests.swift in Sources */ = {isa = PBXBuildFile; fileRef = 89CDA5F621E849220049A244 /* CITATests.swift */; };
		89CE3F9E22530042001DF3F3 /* Secp256k1Error.swift in Sources */ = {isa = PBXBuildFile; fileRef = 89CE3F9D22530042001DF3F3 /* Secp256k1Error.swift */; };
		A761B95773C2431357D1B0B9 /* Pods_CITA.framework in Frameworks */ = {isa = PBXBuildFile; fileRef = 6A425B554C4D9A6E8284FEAC /* Pods_CITA.framework */; };
/* End PBXBuildFile section */

/* Begin PBXContainerItemProxy section */
		1A67ED39211BEAFD00DCE871 /* PBXContainerItemProxy */ = {
			isa = PBXContainerItemProxy;
			containerPortal = 1A67ED25211BEAFC00DCE871 /* Project object */;
			proxyType = 1;
			remoteGlobalIDString = 1A67ED2D211BEAFC00DCE871;
			remoteInfo = CITA;
		};
/* End PBXContainerItemProxy section */

/* Begin PBXFileReference section */
		0EB2AACC437439C121F94134 /* Pods_CITATests.framework */ = {isa = PBXFileReference; explicitFileType = wrapper.framework; includeInIndex = 0; path = Pods_CITATests.framework; sourceTree = BUILT_PRODUCTS_DIR; };
		1A0529BF214258EC00C847CA /* Unsigner.swift */ = {isa = PBXFileReference; lastKnownFileType = sourcecode.swift; path = Unsigner.swift; sourceTree = "<group>"; };
		1A0529C1214279A500C847CA /* UnsignerTests.swift */ = {isa = PBXFileReference; lastKnownFileType = sourcecode.swift; path = UnsignerTests.swift; sourceTree = "<group>"; };
		1A0D0C022185A717003E680D /* EventLog.swift */ = {isa = PBXFileReference; lastKnownFileType = sourcecode.swift; path = EventLog.swift; sourceTree = "<group>"; };
		1A0D0C042185A861003E680D /* BloomFilter.swift */ = {isa = PBXFileReference; lastKnownFileType = sourcecode.swift; path = BloomFilter.swift; sourceTree = "<group>"; };
		1A0D0C062185A8EF003E680D /* Data+Extension.swift */ = {isa = PBXFileReference; lastKnownFileType = sourcecode.swift; path = "Data+Extension.swift"; sourceTree = "<group>"; };
		1A23CAFE2175A271001FECD6 /* cita-sdk-tests */ = {isa = PBXFileReference; lastKnownFileType = folder; path = "cita-sdk-tests"; sourceTree = "<group>"; };
		1A42225D212AA59700DF1994 /* RPC+API.swift */ = {isa = PBXFileReference; lastKnownFileType = sourcecode.swift; path = "RPC+API.swift"; sourceTree = "<group>"; };
		1A588539211DC759007043F1 /* RPCTests.swift */ = {isa = PBXFileReference; lastKnownFileType = sourcecode.swift; path = RPCTests.swift; sourceTree = "<group>"; };
		1A64297C211C5E0700352209 /* HTTPProvider.swift */ = {isa = PBXFileReference; lastKnownFileType = sourcecode.swift; path = HTTPProvider.swift; sourceTree = "<group>"; };
		1A64297E211C63E000352209 /* Config.swift */ = {isa = PBXFileReference; lastKnownFileType = sourcecode.swift; path = Config.swift; sourceTree = "<group>"; };
		1A67ED2E211BEAFC00DCE871 /* CITA.framework */ = {isa = PBXFileReference; explicitFileType = wrapper.framework; includeInIndex = 0; path = CITA.framework; sourceTree = BUILT_PRODUCTS_DIR; };
		1A67ED32211BEAFD00DCE871 /* Info.plist */ = {isa = PBXFileReference; lastKnownFileType = text.plist.xml; path = Info.plist; sourceTree = "<group>"; };
		1A67ED37211BEAFD00DCE871 /* CITATests.xctest */ = {isa = PBXFileReference; explicitFileType = wrapper.cfbundle; includeInIndex = 0; path = CITATests.xctest; sourceTree = BUILT_PRODUCTS_DIR; };
		1A67ED3C211BEAFD00DCE871 /* HTTPProviderTests.swift */ = {isa = PBXFileReference; lastKnownFileType = sourcecode.swift; path = HTTPProviderTests.swift; sourceTree = "<group>"; };
		1A67ED3E211BEAFD00DCE871 /* Info.plist */ = {isa = PBXFileReference; lastKnownFileType = text.plist.xml; path = Info.plist; sourceTree = "<group>"; };
		1A67ED4C211D0AA600DCE871 /* RequestDispatcher.swift */ = {isa = PBXFileReference; lastKnownFileType = sourcecode.swift; path = RequestDispatcher.swift; sourceTree = "<group>"; };
		1A67ED4F211D11C600DCE871 /* Request.swift */ = {isa = PBXFileReference; lastKnownFileType = sourcecode.swift; path = Request.swift; sourceTree = "<group>"; };
		1A67ED51211D11D100DCE871 /* Response.swift */ = {isa = PBXFileReference; lastKnownFileType = sourcecode.swift; path = Response.swift; sourceTree = "<group>"; };
		1A67ED53211D122000DCE871 /* Method.swift */ = {isa = PBXFileReference; lastKnownFileType = sourcecode.swift; path = Method.swift; sourceTree = "<group>"; };
		1A67ED55211D12A200DCE871 /* Params.swift */ = {isa = PBXFileReference; lastKnownFileType = sourcecode.swift; path = Params.swift; sourceTree = "<group>"; };
		1A67ED58211D151100DCE871 /* String+Extension.swift */ = {isa = PBXFileReference; lastKnownFileType = sourcecode.swift; path = "String+Extension.swift"; sourceTree = "<group>"; };
		1A67ED5A211D1C3C00DCE871 /* RPC.swift */ = {isa = PBXFileReference; lastKnownFileType = sourcecode.swift; path = RPC.swift; sourceTree = "<group>"; };
		1A67ED5E211D55E500DCE871 /* MetaData.swift */ = {isa = PBXFileReference; lastKnownFileType = sourcecode.swift; path = MetaData.swift; sourceTree = "<group>"; };
		1A6B2B2821533FA5003420A0 /* Address.swift */ = {isa = PBXFileReference; lastKnownFileType = sourcecode.swift; path = Address.swift; sourceTree = "<group>"; };
		1A6B2B2B21534CEF003420A0 /* AddressTests.swift */ = {isa = PBXFileReference; lastKnownFileType = sourcecode.swift; path = AddressTests.swift; sourceTree = "<group>"; };
		1A9204DF2161B20B004B54DC /* Utils.swift */ = {isa = PBXFileReference; lastKnownFileType = sourcecode.swift; path = Utils.swift; sourceTree = "<group>"; };
		1A9204E12161BC0D004B54DC /* UtilsTests.swift */ = {isa = PBXFileReference; lastKnownFileType = sourcecode.swift; path = UtilsTests.swift; sourceTree = "<group>"; };
		1AA6F63421527B25001DA165 /* IntExtensionTests.swift */ = {isa = PBXFileReference; lastKnownFileType = sourcecode.swift; path = IntExtensionTests.swift; sourceTree = "<group>"; };
		1AB5C6D7212112DA00148587 /* RPC+Promises.swift */ = {isa = PBXFileReference; lastKnownFileType = sourcecode.swift; path = "RPC+Promises.swift"; sourceTree = "<group>"; };
		1AB5C6D9212125A200148587 /* Int+Extension.swift */ = {isa = PBXFileReference; lastKnownFileType = sourcecode.swift; path = "Int+Extension.swift"; sourceTree = "<group>"; };
		1AB5C6DB2121751400148587 /* Block.swift */ = {isa = PBXFileReference; lastKnownFileType = sourcecode.swift; path = Block.swift; sourceTree = "<group>"; };
		1ACBC9AC2184152D00F20B8B /* Blockchain.pb.swift */ = {isa = PBXFileReference; fileEncoding = 4; lastKnownFileType = sourcecode.swift; path = Blockchain.pb.swift; sourceTree = "<group>"; };
		1ACBC9AE2184589D00F20B8B /* BlockHeader.swift */ = {isa = PBXFileReference; lastKnownFileType = sourcecode.swift; path = BlockHeader.swift; sourceTree = "<group>"; };
		1ACBC9B0218458F900F20B8B /* BlockBody.swift */ = {isa = PBXFileReference; lastKnownFileType = sourcecode.swift; path = BlockBody.swift; sourceTree = "<group>"; };
		1ACBC9B22184592500F20B8B /* BlockTransaction.swift */ = {isa = PBXFileReference; lastKnownFileType = sourcecode.swift; path = BlockTransaction.swift; sourceTree = "<group>"; };
		1ACBC9B42184596300F20B8B /* Proof.swift */ = {isa = PBXFileReference; lastKnownFileType = sourcecode.swift; path = Proof.swift; sourceTree = "<group>"; };
		1AD65F8D2121795B00AA4C84 /* TransactionReceipt.swift */ = {isa = PBXFileReference; lastKnownFileType = sourcecode.swift; path = TransactionReceipt.swift; sourceTree = "<group>"; };
		1AD65F8F21217AC000AA4C84 /* DecodeUtils.swift */ = {isa = PBXFileReference; lastKnownFileType = sourcecode.swift; path = DecodeUtils.swift; sourceTree = "<group>"; };
		1AD65F912121822600AA4C84 /* TransactionDetails.swift */ = {isa = PBXFileReference; lastKnownFileType = sourcecode.swift; path = TransactionDetails.swift; sourceTree = "<group>"; };
		1AD65F96212294C800AA4C84 /* Transaction.swift */ = {isa = PBXFileReference; lastKnownFileType = sourcecode.swift; path = Transaction.swift; sourceTree = "<group>"; };
		1AD65F9C2122999900AA4C84 /* Secp251k1.swift */ = {isa = PBXFileReference; fileEncoding = 4; lastKnownFileType = sourcecode.swift; path = Secp251k1.swift; sourceTree = "<group>"; };
		1AD65F9E21229AF500AA4C84 /* Signer.swift */ = {isa = PBXFileReference; lastKnownFileType = sourcecode.swift; path = Signer.swift; sourceTree = "<group>"; };
		1AD65FA02122A1F900AA4C84 /* TransactionSendingResult.swift */ = {isa = PBXFileReference; lastKnownFileType = sourcecode.swift; path = TransactionSendingResult.swift; sourceTree = "<group>"; };
		1AD65FA42122AF2F00AA4C84 /* SignerTest.swift */ = {isa = PBXFileReference; lastKnownFileType = sourcecode.swift; path = SignerTest.swift; sourceTree = "<group>"; };
		52649428F467A7C12F27B336 /* Pods-CITATests.release.xcconfig */ = {isa = PBXFileReference; includeInIndex = 1; lastKnownFileType = text.xcconfig; name = "Pods-CITATests.release.xcconfig"; path = "Pods/Target Support Files/Pods-CITATests/Pods-CITATests.release.xcconfig"; sourceTree = "<group>"; };
		69F270D62F7F19A30770BD03 /* Pods-CITATests.debug.xcconfig */ = {isa = PBXFileReference; includeInIndex = 1; lastKnownFileType = text.xcconfig; name = "Pods-CITATests.debug.xcconfig"; path = "Pods/Target Support Files/Pods-CITATests/Pods-CITATests.debug.xcconfig"; sourceTree = "<group>"; };
		6A425B554C4D9A6E8284FEAC /* Pods_CITA.framework */ = {isa = PBXFileReference; explicitFileType = wrapper.framework; includeInIndex = 0; path = Pods_CITA.framework; sourceTree = BUILT_PRODUCTS_DIR; };
		7FF8D9768BC7235E22EC11C8 /* Pods-CITA.release.xcconfig */ = {isa = PBXFileReference; includeInIndex = 1; lastKnownFileType = text.xcconfig; name = "Pods-CITA.release.xcconfig"; path = "Pods/Target Support Files/Pods-CITA/Pods-CITA.release.xcconfig"; sourceTree = "<group>"; };
		89733040217EB559001B8D93 /* MessageSigner.swift */ = {isa = PBXFileReference; lastKnownFileType = sourcecode.swift; path = MessageSigner.swift; sourceTree = "<group>"; };
		8990CDB62160682F00205129 /* Config.json */ = {isa = PBXFileReference; fileEncoding = 4; lastKnownFileType = text.json; path = Config.json; sourceTree = "<group>"; };
		89CDA5F021E848F00049A244 /* CITAError.swift */ = {isa = PBXFileReference; fileEncoding = 4; lastKnownFileType = sourcecode.swift; path = CITAError.swift; sourceTree = "<group>"; };
		89CDA5F221E848FD0049A244 /* CITA.h */ = {isa = PBXFileReference; fileEncoding = 4; lastKnownFileType = sourcecode.c.h; path = CITA.h; sourceTree = "<group>"; };
		89CDA5F321E848FD0049A244 /* CITA.swift */ = {isa = PBXFileReference; fileEncoding = 4; lastKnownFileType = sourcecode.swift; path = CITA.swift; sourceTree = "<group>"; };
		89CDA5F621E849220049A244 /* CITATests.swift */ = {isa = PBXFileReference; fileEncoding = 4; lastKnownFileType = sourcecode.swift; path = CITATests.swift; sourceTree = "<group>"; };
		89CE3F9D22530042001DF3F3 /* Secp256k1Error.swift */ = {isa = PBXFileReference; lastKnownFileType = sourcecode.swift; path = Secp256k1Error.swift; sourceTree = "<group>"; };
		D9D78017E61E65184F73D1F8 /* Pods-CITA.debug.xcconfig */ = {isa = PBXFileReference; includeInIndex = 1; lastKnownFileType = text.xcconfig; name = "Pods-CITA.debug.xcconfig"; path = "Pods/Target Support Files/Pods-CITA/Pods-CITA.debug.xcconfig"; sourceTree = "<group>"; };
/* End PBXFileReference section */

/* Begin PBXFrameworksBuildPhase section */
		1A67ED2A211BEAFC00DCE871 /* Frameworks */ = {
			isa = PBXFrameworksBuildPhase;
			buildActionMask = 2147483647;
			files = (
				A761B95773C2431357D1B0B9 /* Pods_CITA.framework in Frameworks */,
			);
			runOnlyForDeploymentPostprocessing = 0;
		};
		1A67ED34211BEAFD00DCE871 /* Frameworks */ = {
			isa = PBXFrameworksBuildPhase;
			buildActionMask = 2147483647;
			files = (
				1A67ED38211BEAFD00DCE871 /* CITA.framework in Frameworks */,
				0DC2B760B0374C6B5BDD0C98 /* Pods_CITATests.framework in Frameworks */,
			);
			runOnlyForDeploymentPostprocessing = 0;
		};
/* End PBXFrameworksBuildPhase section */

/* Begin PBXGroup section */
		1A67ED24211BEAFC00DCE871 = {
			isa = PBXGroup;
			children = (
				1A67ED30211BEAFC00DCE871 /* Source */,
				1A67ED3B211BEAFD00DCE871 /* Tests */,
				1A67ED2F211BEAFC00DCE871 /* Products */,
				A710FAD6940A0E7AB63E759E /* Pods */,
				AAF837EC28C7AC4FCFA94F1E /* Frameworks */,
			);
			sourceTree = "<group>";
		};
		1A67ED2F211BEAFC00DCE871 /* Products */ = {
			isa = PBXGroup;
			children = (
				1A67ED2E211BEAFC00DCE871 /* CITA.framework */,
				1A67ED37211BEAFD00DCE871 /* CITATests.xctest */,
			);
			name = Products;
			sourceTree = "<group>";
		};
		1A67ED30211BEAFC00DCE871 /* Source */ = {
			isa = PBXGroup;
			children = (
				1ACBC9AB2183F35700F20B8B /* Proto */,
				1A67ED57211D14F200DCE871 /* Utils */,
				1A67ED49211D089000DCE871 /* RPC */,
				1AD65F95212294AD00AA4C84 /* Signer */,
				89CDA5F221E848FD0049A244 /* CITA.h */,
				89CDA5F321E848FD0049A244 /* CITA.swift */,
				1A67ED32211BEAFD00DCE871 /* Info.plist */,
			);
			path = Source;
			sourceTree = "<group>";
		};
		1A67ED3B211BEAFD00DCE871 /* Tests */ = {
			isa = PBXGroup;
			children = (
				1A23CAFE2175A271001FECD6 /* cita-sdk-tests */,
				1AA6F63321527B08001DA165 /* Utils */,
				1AD65FA22122AF0E00AA4C84 /* RPC */,
				1AD65FA32122AF1700AA4C84 /* Signer */,
				89CDA5F621E849220049A244 /* CITATests.swift */,
				1A64297E211C63E000352209 /* Config.swift */,
				8990CDB62160682F00205129 /* Config.json */,
				1A67ED3E211BEAFD00DCE871 /* Info.plist */,
			);
			path = Tests;
			sourceTree = "<group>";
		};
		1A67ED49211D089000DCE871 /* RPC */ = {
			isa = PBXGroup;
			children = (
				1A67ED4E211D117B00DCE871 /* Request */,
				1AB5C6DD2121760800148587 /* Structures */,
				1A64297C211C5E0700352209 /* HTTPProvider.swift */,
				1A67ED5A211D1C3C00DCE871 /* RPC.swift */,
				1A42225D212AA59700DF1994 /* RPC+API.swift */,
				1AB5C6D7212112DA00148587 /* RPC+Promises.swift */,
			);
			path = RPC;
			sourceTree = "<group>";
		};
		1A67ED4E211D117B00DCE871 /* Request */ = {
			isa = PBXGroup;
			children = (
				1A67ED55211D12A200DCE871 /* Params.swift */,
				1A67ED53211D122000DCE871 /* Method.swift */,
				1A67ED4F211D11C600DCE871 /* Request.swift */,
				1A67ED51211D11D100DCE871 /* Response.swift */,
				1A67ED4C211D0AA600DCE871 /* RequestDispatcher.swift */,
			);
			path = Request;
			sourceTree = "<group>";
		};
		1A67ED57211D14F200DCE871 /* Utils */ = {
			isa = PBXGroup;
			children = (
				1A67ED58211D151100DCE871 /* String+Extension.swift */,
				1A0D0C062185A8EF003E680D /* Data+Extension.swift */,
				1AB5C6D9212125A200148587 /* Int+Extension.swift */,
				1AD65F8F21217AC000AA4C84 /* DecodeUtils.swift */,
				1AD65F9C2122999900AA4C84 /* Secp251k1.swift */,
				89CE3F9D22530042001DF3F3 /* Secp256k1Error.swift */,
				1A6B2B2821533FA5003420A0 /* Address.swift */,
				89CDA5F021E848F00049A244 /* CITAError.swift */,
				1A9204DF2161B20B004B54DC /* Utils.swift */,
			);
			path = Utils;
			sourceTree = "<group>";
		};
		1AA6F63321527B08001DA165 /* Utils */ = {
			isa = PBXGroup;
			children = (
				1AA6F63421527B25001DA165 /* IntExtensionTests.swift */,
				1A9204E12161BC0D004B54DC /* UtilsTests.swift */,
				1A6B2B2B21534CEF003420A0 /* AddressTests.swift */,
			);
			path = Utils;
			sourceTree = "<group>";
		};
		1AB5C6DD2121760800148587 /* Structures */ = {
			isa = PBXGroup;
			children = (
				1A67ED5E211D55E500DCE871 /* MetaData.swift */,
				1ACBC9B42184596300F20B8B /* Proof.swift */,
				1ACBC9AE2184589D00F20B8B /* BlockHeader.swift */,
				1ACBC9B0218458F900F20B8B /* BlockBody.swift */,
				1ACBC9B22184592500F20B8B /* BlockTransaction.swift */,
				1AB5C6DB2121751400148587 /* Block.swift */,
				1AD65F8D2121795B00AA4C84 /* TransactionReceipt.swift */,
				1AD65F912121822600AA4C84 /* TransactionDetails.swift */,
				1AD65FA02122A1F900AA4C84 /* TransactionSendingResult.swift */,
				1A0D0C022185A717003E680D /* EventLog.swift */,
				1A0D0C042185A861003E680D /* BloomFilter.swift */,
			);
			path = Structures;
			sourceTree = "<group>";
		};
		1ACBC9AB2183F35700F20B8B /* Proto */ = {
			isa = PBXGroup;
			children = (
				1ACBC9AC2184152D00F20B8B /* Blockchain.pb.swift */,
			);
			path = Proto;
			sourceTree = "<group>";
		};
		1AD65F95212294AD00AA4C84 /* Signer */ = {
			isa = PBXGroup;
			children = (
				1AD65F96212294C800AA4C84 /* Transaction.swift */,
				1AD65F9E21229AF500AA4C84 /* Signer.swift */,
				1A0529BF214258EC00C847CA /* Unsigner.swift */,
				89733040217EB559001B8D93 /* MessageSigner.swift */,
			);
			path = Signer;
			sourceTree = "<group>";
		};
		1AD65FA22122AF0E00AA4C84 /* RPC */ = {
			isa = PBXGroup;
			children = (
				1A67ED3C211BEAFD00DCE871 /* HTTPProviderTests.swift */,
				1A588539211DC759007043F1 /* RPCTests.swift */,
			);
			path = RPC;
			sourceTree = "<group>";
		};
		1AD65FA32122AF1700AA4C84 /* Signer */ = {
			isa = PBXGroup;
			children = (
				1AD65FA42122AF2F00AA4C84 /* SignerTest.swift */,
				1A0529C1214279A500C847CA /* UnsignerTests.swift */,
			);
			path = Signer;
			sourceTree = "<group>";
		};
		A710FAD6940A0E7AB63E759E /* Pods */ = {
			isa = PBXGroup;
			children = (
				D9D78017E61E65184F73D1F8 /* Pods-CITA.debug.xcconfig */,
				7FF8D9768BC7235E22EC11C8 /* Pods-CITA.release.xcconfig */,
				69F270D62F7F19A30770BD03 /* Pods-CITATests.debug.xcconfig */,
				52649428F467A7C12F27B336 /* Pods-CITATests.release.xcconfig */,
			);
			name = Pods;
			sourceTree = "<group>";
		};
		AAF837EC28C7AC4FCFA94F1E /* Frameworks */ = {
			isa = PBXGroup;
			children = (
				6A425B554C4D9A6E8284FEAC /* Pods_CITA.framework */,
				0EB2AACC437439C121F94134 /* Pods_CITATests.framework */,
			);
			name = Frameworks;
			sourceTree = "<group>";
		};
/* End PBXGroup section */

/* Begin PBXHeadersBuildPhase section */
		1A67ED2B211BEAFC00DCE871 /* Headers */ = {
			isa = PBXHeadersBuildPhase;
			buildActionMask = 2147483647;
			files = (
				89CDA5F421E848FD0049A244 /* CITA.h in Headers */,
			);
			runOnlyForDeploymentPostprocessing = 0;
		};
/* End PBXHeadersBuildPhase section */

/* Begin PBXNativeTarget section */
		1A67ED2D211BEAFC00DCE871 /* CITA */ = {
			isa = PBXNativeTarget;
			buildConfigurationList = 1A67ED42211BEAFD00DCE871 /* Build configuration list for PBXNativeTarget "CITA" */;
			buildPhases = (
				0F50974501A47BEA564603D8 /* [CP] Check Pods Manifest.lock */,
				1A67ED29211BEAFC00DCE871 /* Sources */,
				1A67ED2A211BEAFC00DCE871 /* Frameworks */,
				1A67ED2B211BEAFC00DCE871 /* Headers */,
				1A67ED2C211BEAFC00DCE871 /* Resources */,
				1A67ED48211BF20100DCE871 /* SwiftLint */,
			);
			buildRules = (
			);
			dependencies = (
			);
			name = CITA;
			productName = CITA;
			productReference = 1A67ED2E211BEAFC00DCE871 /* CITA.framework */;
			productType = "com.apple.product-type.framework";
		};
		1A67ED36211BEAFD00DCE871 /* CITATests */ = {
			isa = PBXNativeTarget;
			buildConfigurationList = 1A67ED45211BEAFD00DCE871 /* Build configuration list for PBXNativeTarget "CITATests" */;
			buildPhases = (
				AFEC11B188AD712CF03892D9 /* [CP] Check Pods Manifest.lock */,
				1A67ED33211BEAFD00DCE871 /* Sources */,
				1A67ED34211BEAFD00DCE871 /* Frameworks */,
				1A67ED35211BEAFD00DCE871 /* Resources */,
				585B7519C32AB4482BB8396F /* [CP] Embed Pods Frameworks */,
			);
			buildRules = (
			);
			dependencies = (
				1A67ED3A211BEAFD00DCE871 /* PBXTargetDependency */,
			);
			name = CITATests;
			productName = CITATests;
			productReference = 1A67ED37211BEAFD00DCE871 /* CITATests.xctest */;
			productType = "com.apple.product-type.bundle.unit-test";
		};
/* End PBXNativeTarget section */

/* Begin PBXProject section */
		1A67ED25211BEAFC00DCE871 /* Project object */ = {
			isa = PBXProject;
			attributes = {
				LastSwiftUpdateCheck = 0940;
				LastUpgradeCheck = 0940;
				ORGANIZATIONNAME = Cryptape;
				TargetAttributes = {
					1A67ED2D211BEAFC00DCE871 = {
						CreatedOnToolsVersion = 9.4.1;
						LastSwiftMigration = 1000;
					};
					1A67ED36211BEAFD00DCE871 = {
						CreatedOnToolsVersion = 9.4.1;
						LastSwiftMigration = 1000;
					};
				};
			};
			buildConfigurationList = 1A67ED28211BEAFC00DCE871 /* Build configuration list for PBXProject "CITA" */;
			compatibilityVersion = "Xcode 9.3";
			developmentRegion = en;
			hasScannedForEncodings = 0;
			knownRegions = (
				en,
			);
			mainGroup = 1A67ED24211BEAFC00DCE871;
			productRefGroup = 1A67ED2F211BEAFC00DCE871 /* Products */;
			projectDirPath = "";
			projectRoot = "";
			targets = (
				1A67ED2D211BEAFC00DCE871 /* CITA */,
				1A67ED36211BEAFD00DCE871 /* CITATests */,
			);
		};
/* End PBXProject section */

/* Begin PBXResourcesBuildPhase section */
		1A67ED2C211BEAFC00DCE871 /* Resources */ = {
			isa = PBXResourcesBuildPhase;
			buildActionMask = 2147483647;
			files = (
			);
			runOnlyForDeploymentPostprocessing = 0;
		};
		1A67ED35211BEAFD00DCE871 /* Resources */ = {
			isa = PBXResourcesBuildPhase;
			buildActionMask = 2147483647;
			files = (
				1A23CB002175A295001FECD6 /* cita-sdk-tests in Resources */,
				1A6B55072160EEBE001BA711 /* Config.json in Resources */,
			);
			runOnlyForDeploymentPostprocessing = 0;
		};
/* End PBXResourcesBuildPhase section */

/* Begin PBXShellScriptBuildPhase section */
		0F50974501A47BEA564603D8 /* [CP] Check Pods Manifest.lock */ = {
			isa = PBXShellScriptBuildPhase;
			buildActionMask = 2147483647;
			files = (
			);
			inputPaths = (
				"${PODS_PODFILE_DIR_PATH}/Podfile.lock",
				"${PODS_ROOT}/Manifest.lock",
			);
			name = "[CP] Check Pods Manifest.lock";
			outputPaths = (
				"$(DERIVED_FILE_DIR)/Pods-CITA-checkManifestLockResult.txt",
			);
			runOnlyForDeploymentPostprocessing = 0;
			shellPath = /bin/sh;
			shellScript = "diff \"${PODS_PODFILE_DIR_PATH}/Podfile.lock\" \"${PODS_ROOT}/Manifest.lock\" > /dev/null\nif [ $? != 0 ] ; then\n    # print error to STDERR\n    echo \"error: The sandbox is not in sync with the Podfile.lock. Run 'pod install' or update your CocoaPods installation.\" >&2\n    exit 1\nfi\n# This output is used by Xcode 'outputs' to avoid re-running this script phase.\necho \"SUCCESS\" > \"${SCRIPT_OUTPUT_FILE_0}\"\n";
			showEnvVarsInLog = 0;
		};
		1A67ED48211BF20100DCE871 /* SwiftLint */ = {
			isa = PBXShellScriptBuildPhase;
			buildActionMask = 2147483647;
			files = (
			);
			inputPaths = (
			);
			name = SwiftLint;
			outputPaths = (
			);
			runOnlyForDeploymentPostprocessing = 0;
			shellPath = /bin/sh;
			shellScript = "\"${PODS_ROOT}/SwiftLint/swiftlint\"\n";
		};
		585B7519C32AB4482BB8396F /* [CP] Embed Pods Frameworks */ = {
			isa = PBXShellScriptBuildPhase;
			buildActionMask = 2147483647;
			files = (
			);
			inputFileListPaths = (
			);
			inputPaths = (
				"${PODS_ROOT}/Target Support Files/Pods-CITATests/Pods-CITATests-frameworks.sh",
				"${BUILT_PRODUCTS_DIR}/BigInt/BigInt.framework",
				"${BUILT_PRODUCTS_DIR}/CryptoSwift/CryptoSwift.framework",
				"${BUILT_PRODUCTS_DIR}/PromiseKit/PromiseKit.framework",
				"${BUILT_PRODUCTS_DIR}/SipHash/SipHash.framework",
				"${BUILT_PRODUCTS_DIR}/SwiftProtobuf/SwiftProtobuf.framework",
				"${BUILT_PRODUCTS_DIR}/secp256k1.swift/secp256k1.framework",
			);
			name = "[CP] Embed Pods Frameworks";
			outputFileListPaths = (
			);
			outputPaths = (
				"${TARGET_BUILD_DIR}/${FRAMEWORKS_FOLDER_PATH}/BigInt.framework",
				"${TARGET_BUILD_DIR}/${FRAMEWORKS_FOLDER_PATH}/CryptoSwift.framework",
				"${TARGET_BUILD_DIR}/${FRAMEWORKS_FOLDER_PATH}/PromiseKit.framework",
				"${TARGET_BUILD_DIR}/${FRAMEWORKS_FOLDER_PATH}/SipHash.framework",
				"${TARGET_BUILD_DIR}/${FRAMEWORKS_FOLDER_PATH}/SwiftProtobuf.framework",
				"${TARGET_BUILD_DIR}/${FRAMEWORKS_FOLDER_PATH}/secp256k1.framework",
			);
			runOnlyForDeploymentPostprocessing = 0;
			shellPath = /bin/sh;
			shellScript = "\"${PODS_ROOT}/Target Support Files/Pods-CITATests/Pods-CITATests-frameworks.sh\"\n";
			showEnvVarsInLog = 0;
		};
		AFEC11B188AD712CF03892D9 /* [CP] Check Pods Manifest.lock */ = {
			isa = PBXShellScriptBuildPhase;
			buildActionMask = 2147483647;
			files = (
			);
			inputPaths = (
				"${PODS_PODFILE_DIR_PATH}/Podfile.lock",
				"${PODS_ROOT}/Manifest.lock",
			);
			name = "[CP] Check Pods Manifest.lock";
			outputPaths = (
				"$(DERIVED_FILE_DIR)/Pods-CITATests-checkManifestLockResult.txt",
			);
			runOnlyForDeploymentPostprocessing = 0;
			shellPath = /bin/sh;
			shellScript = "diff \"${PODS_PODFILE_DIR_PATH}/Podfile.lock\" \"${PODS_ROOT}/Manifest.lock\" > /dev/null\nif [ $? != 0 ] ; then\n    # print error to STDERR\n    echo \"error: The sandbox is not in sync with the Podfile.lock. Run 'pod install' or update your CocoaPods installation.\" >&2\n    exit 1\nfi\n# This output is used by Xcode 'outputs' to avoid re-running this script phase.\necho \"SUCCESS\" > \"${SCRIPT_OUTPUT_FILE_0}\"\n";
			showEnvVarsInLog = 0;
		};
/* End PBXShellScriptBuildPhase section */

/* Begin PBXSourcesBuildPhase section */
		1A67ED29211BEAFC00DCE871 /* Sources */ = {
			isa = PBXSourcesBuildPhase;
			buildActionMask = 2147483647;
			files = (
				1AB5C6D8212112DA00148587 /* RPC+Promises.swift in Sources */,
				1A67ED59211D151100DCE871 /* String+Extension.swift in Sources */,
				89733041217EB559001B8D93 /* MessageSigner.swift in Sources */,
				1A9204E02161B20B004B54DC /* Utils.swift in Sources */,
				89CDA5F521E848FD0049A244 /* CITA.swift in Sources */,
				1AB5C6DC2121751400148587 /* Block.swift in Sources */,
				1A67ED56211D12A200DCE871 /* Params.swift in Sources */,
				1ACBC9AF2184589D00F20B8B /* BlockHeader.swift in Sources */,
				1A67ED5B211D1C3C00DCE871 /* RPC.swift in Sources */,
				1ACBC9AD2184152E00F20B8B /* Blockchain.pb.swift in Sources */,
				1AD65F8E2121795B00AA4C84 /* TransactionReceipt.swift in Sources */,
				1AD65F97212294C800AA4C84 /* Transaction.swift in Sources */,
				1A0D0C032185A717003E680D /* EventLog.swift in Sources */,
				89CE3F9E22530042001DF3F3 /* Secp256k1Error.swift in Sources */,
				1ACBC9B52184596300F20B8B /* Proof.swift in Sources */,
				1A6B2B2921533FA5003420A0 /* Address.swift in Sources */,
				1A67ED5F211D55E500DCE871 /* MetaData.swift in Sources */,
				1A0D0C072185A8EF003E680D /* Data+Extension.swift in Sources */,
				89CDA5F121E848F00049A244 /* CITAError.swift in Sources */,
				1A67ED50211D11C600DCE871 /* Request.swift in Sources */,
				1A0D0C052185A861003E680D /* BloomFilter.swift in Sources */,
				1AD65F9021217AC000AA4C84 /* DecodeUtils.swift in Sources */,
				1AD65F9F21229AF500AA4C84 /* Signer.swift in Sources */,
				1A67ED54211D122000DCE871 /* Method.swift in Sources */,
				1A0529C0214258EC00C847CA /* Unsigner.swift in Sources */,
				1A42225E212AA59700DF1994 /* RPC+API.swift in Sources */,
				1A67ED4D211D0AA600DCE871 /* RequestDispatcher.swift in Sources */,
				1AD65FA12122A1F900AA4C84 /* TransactionSendingResult.swift in Sources */,
				1AB5C6DA212125A200148587 /* Int+Extension.swift in Sources */,
				1ACBC9B32184592500F20B8B /* BlockTransaction.swift in Sources */,
				1A64297D211C5E0700352209 /* HTTPProvider.swift in Sources */,
				1AD65F9D2122999900AA4C84 /* Secp251k1.swift in Sources */,
				1ACBC9B1218458F900F20B8B /* BlockBody.swift in Sources */,
				1A67ED52211D11D100DCE871 /* Response.swift in Sources */,
				1AD65F922121822600AA4C84 /* TransactionDetails.swift in Sources */,
			);
			runOnlyForDeploymentPostprocessing = 0;
		};
		1A67ED33211BEAFD00DCE871 /* Sources */ = {
			isa = PBXSourcesBuildPhase;
			buildActionMask = 2147483647;
			files = (
				89CDA5F821E849570049A244 /* CITATests.swift in Sources */,
				1A67ED3D211BEAFD00DCE871 /* HTTPProviderTests.swift in Sources */,
				1A58853A211DC759007043F1 /* RPCTests.swift in Sources */,
				1A0529C2214279A500C847CA /* UnsignerTests.swift in Sources */,
				1AD65FA62122AF4400AA4C84 /* SignerTest.swift in Sources */,
				1A64297F211C63E000352209 /* Config.swift in Sources */,
				1A6B2B2C21534CEF003420A0 /* AddressTests.swift in Sources */,
				1AA6F63521527B25001DA165 /* IntExtensionTests.swift in Sources */,
				1A9204E22161BC0D004B54DC /* UtilsTests.swift in Sources */,
			);
			runOnlyForDeploymentPostprocessing = 0;
		};
/* End PBXSourcesBuildPhase section */

/* Begin PBXTargetDependency section */
		1A67ED3A211BEAFD00DCE871 /* PBXTargetDependency */ = {
			isa = PBXTargetDependency;
			target = 1A67ED2D211BEAFC00DCE871 /* CITA */;
			targetProxy = 1A67ED39211BEAFD00DCE871 /* PBXContainerItemProxy */;
		};
/* End PBXTargetDependency section */

/* Begin XCBuildConfiguration section */
		1A67ED40211BEAFD00DCE871 /* Debug */ = {
			isa = XCBuildConfiguration;
			buildSettings = {
				ALWAYS_SEARCH_USER_PATHS = NO;
				CLANG_ANALYZER_NONNULL = YES;
				CLANG_ANALYZER_NUMBER_OBJECT_CONVERSION = YES_AGGRESSIVE;
				CLANG_CXX_LANGUAGE_STANDARD = "gnu++14";
				CLANG_CXX_LIBRARY = "libc++";
				CLANG_ENABLE_MODULES = YES;
				CLANG_ENABLE_OBJC_ARC = YES;
				CLANG_ENABLE_OBJC_WEAK = YES;
				CLANG_WARN_BLOCK_CAPTURE_AUTORELEASING = YES;
				CLANG_WARN_BOOL_CONVERSION = YES;
				CLANG_WARN_COMMA = YES;
				CLANG_WARN_CONSTANT_CONVERSION = YES;
				CLANG_WARN_DEPRECATED_OBJC_IMPLEMENTATIONS = YES;
				CLANG_WARN_DIRECT_OBJC_ISA_USAGE = YES_ERROR;
				CLANG_WARN_DOCUMENTATION_COMMENTS = YES;
				CLANG_WARN_EMPTY_BODY = YES;
				CLANG_WARN_ENUM_CONVERSION = YES;
				CLANG_WARN_INFINITE_RECURSION = YES;
				CLANG_WARN_INT_CONVERSION = YES;
				CLANG_WARN_NON_LITERAL_NULL_CONVERSION = YES;
				CLANG_WARN_OBJC_IMPLICIT_RETAIN_SELF = YES;
				CLANG_WARN_OBJC_LITERAL_CONVERSION = YES;
				CLANG_WARN_OBJC_ROOT_CLASS = YES_ERROR;
				CLANG_WARN_RANGE_LOOP_ANALYSIS = YES;
				CLANG_WARN_STRICT_PROTOTYPES = YES;
				CLANG_WARN_SUSPICIOUS_MOVE = YES;
				CLANG_WARN_UNGUARDED_AVAILABILITY = YES_AGGRESSIVE;
				CLANG_WARN_UNREACHABLE_CODE = YES;
				CLANG_WARN__DUPLICATE_METHOD_MATCH = YES;
				CODE_SIGN_IDENTITY = "iPhone Developer";
				COPY_PHASE_STRIP = NO;
				CURRENT_PROJECT_VERSION = 1;
				DEBUG_INFORMATION_FORMAT = dwarf;
				ENABLE_STRICT_OBJC_MSGSEND = YES;
				ENABLE_TESTABILITY = YES;
				GCC_C_LANGUAGE_STANDARD = gnu11;
				GCC_DYNAMIC_NO_PIC = NO;
				GCC_NO_COMMON_BLOCKS = YES;
				GCC_OPTIMIZATION_LEVEL = 0;
				GCC_PREPROCESSOR_DEFINITIONS = (
					"DEBUG=1",
					"$(inherited)",
				);
				GCC_WARN_64_TO_32_BIT_CONVERSION = YES;
				GCC_WARN_ABOUT_RETURN_TYPE = YES_ERROR;
				GCC_WARN_UNDECLARED_SELECTOR = YES;
				GCC_WARN_UNINITIALIZED_AUTOS = YES_AGGRESSIVE;
				GCC_WARN_UNUSED_FUNCTION = YES;
				GCC_WARN_UNUSED_VARIABLE = YES;
				IPHONEOS_DEPLOYMENT_TARGET = 10.0;
				MTL_ENABLE_DEBUG_INFO = YES;
				ONLY_ACTIVE_ARCH = YES;
				SDKROOT = iphoneos;
				SWIFT_ACTIVE_COMPILATION_CONDITIONS = DEBUG;
				SWIFT_OPTIMIZATION_LEVEL = "-Onone";
				SWIFT_VERSION = 5.0;
				VERSIONING_SYSTEM = "apple-generic";
				VERSION_INFO_PREFIX = "";
			};
			name = Debug;
		};
		1A67ED41211BEAFD00DCE871 /* Release */ = {
			isa = XCBuildConfiguration;
			buildSettings = {
				ALWAYS_SEARCH_USER_PATHS = NO;
				CLANG_ANALYZER_NONNULL = YES;
				CLANG_ANALYZER_NUMBER_OBJECT_CONVERSION = YES_AGGRESSIVE;
				CLANG_CXX_LANGUAGE_STANDARD = "gnu++14";
				CLANG_CXX_LIBRARY = "libc++";
				CLANG_ENABLE_MODULES = YES;
				CLANG_ENABLE_OBJC_ARC = YES;
				CLANG_ENABLE_OBJC_WEAK = YES;
				CLANG_WARN_BLOCK_CAPTURE_AUTORELEASING = YES;
				CLANG_WARN_BOOL_CONVERSION = YES;
				CLANG_WARN_COMMA = YES;
				CLANG_WARN_CONSTANT_CONVERSION = YES;
				CLANG_WARN_DEPRECATED_OBJC_IMPLEMENTATIONS = YES;
				CLANG_WARN_DIRECT_OBJC_ISA_USAGE = YES_ERROR;
				CLANG_WARN_DOCUMENTATION_COMMENTS = YES;
				CLANG_WARN_EMPTY_BODY = YES;
				CLANG_WARN_ENUM_CONVERSION = YES;
				CLANG_WARN_INFINITE_RECURSION = YES;
				CLANG_WARN_INT_CONVERSION = YES;
				CLANG_WARN_NON_LITERAL_NULL_CONVERSION = YES;
				CLANG_WARN_OBJC_IMPLICIT_RETAIN_SELF = YES;
				CLANG_WARN_OBJC_LITERAL_CONVERSION = YES;
				CLANG_WARN_OBJC_ROOT_CLASS = YES_ERROR;
				CLANG_WARN_RANGE_LOOP_ANALYSIS = YES;
				CLANG_WARN_STRICT_PROTOTYPES = YES;
				CLANG_WARN_SUSPICIOUS_MOVE = YES;
				CLANG_WARN_UNGUARDED_AVAILABILITY = YES_AGGRESSIVE;
				CLANG_WARN_UNREACHABLE_CODE = YES;
				CLANG_WARN__DUPLICATE_METHOD_MATCH = YES;
				CODE_SIGN_IDENTITY = "iPhone Developer";
				COPY_PHASE_STRIP = NO;
				CURRENT_PROJECT_VERSION = 1;
				DEBUG_INFORMATION_FORMAT = "dwarf-with-dsym";
				ENABLE_NS_ASSERTIONS = NO;
				ENABLE_STRICT_OBJC_MSGSEND = YES;
				GCC_C_LANGUAGE_STANDARD = gnu11;
				GCC_NO_COMMON_BLOCKS = YES;
				GCC_WARN_64_TO_32_BIT_CONVERSION = YES;
				GCC_WARN_ABOUT_RETURN_TYPE = YES_ERROR;
				GCC_WARN_UNDECLARED_SELECTOR = YES;
				GCC_WARN_UNINITIALIZED_AUTOS = YES_AGGRESSIVE;
				GCC_WARN_UNUSED_FUNCTION = YES;
				GCC_WARN_UNUSED_VARIABLE = YES;
				IPHONEOS_DEPLOYMENT_TARGET = 10.0;
				MTL_ENABLE_DEBUG_INFO = NO;
				SDKROOT = iphoneos;
				SWIFT_COMPILATION_MODE = wholemodule;
				SWIFT_OPTIMIZATION_LEVEL = "-O";
				SWIFT_VERSION = 5.0;
				VALIDATE_PRODUCT = YES;
				VERSIONING_SYSTEM = "apple-generic";
				VERSION_INFO_PREFIX = "";
			};
			name = Release;
		};
		1A67ED43211BEAFD00DCE871 /* Debug */ = {
			isa = XCBuildConfiguration;
			baseConfigurationReference = D9D78017E61E65184F73D1F8 /* Pods-CITA.debug.xcconfig */;
			buildSettings = {
				CLANG_ENABLE_MODULES = YES;
				CODE_SIGN_IDENTITY = "";
				CODE_SIGN_STYLE = Automatic;
				DEFINES_MODULE = YES;
				DYLIB_COMPATIBILITY_VERSION = 1;
				DYLIB_CURRENT_VERSION = 1;
				DYLIB_INSTALL_NAME_BASE = "@rpath";
				INFOPLIST_FILE = Source/Info.plist;
				INSTALL_PATH = "$(LOCAL_LIBRARY_DIR)/Frameworks";
				IPHONEOS_DEPLOYMENT_TARGET = 10.0;
				LD_RUNPATH_SEARCH_PATHS = (
					"$(inherited)",
					"@executable_path/Frameworks",
					"@loader_path/Frameworks",
				);
				PRODUCT_BUNDLE_IDENTIFIER = com.cryptape.cita;
				PRODUCT_NAME = "$(TARGET_NAME:c99extidentifier)";
				SKIP_INSTALL = YES;
				SWIFT_OPTIMIZATION_LEVEL = "-Onone";
				SWIFT_VERSION = 5.0;
				TARGETED_DEVICE_FAMILY = "1,2";
			};
			name = Debug;
		};
		1A67ED44211BEAFD00DCE871 /* Release */ = {
			isa = XCBuildConfiguration;
			baseConfigurationReference = 7FF8D9768BC7235E22EC11C8 /* Pods-CITA.release.xcconfig */;
			buildSettings = {
				CLANG_ENABLE_MODULES = YES;
				CODE_SIGN_IDENTITY = "";
				CODE_SIGN_STYLE = Automatic;
				DEFINES_MODULE = YES;
				DYLIB_COMPATIBILITY_VERSION = 1;
				DYLIB_CURRENT_VERSION = 1;
				DYLIB_INSTALL_NAME_BASE = "@rpath";
				INFOPLIST_FILE = Source/Info.plist;
				INSTALL_PATH = "$(LOCAL_LIBRARY_DIR)/Frameworks";
				IPHONEOS_DEPLOYMENT_TARGET = 10.0;
				LD_RUNPATH_SEARCH_PATHS = (
					"$(inherited)",
					"@executable_path/Frameworks",
					"@loader_path/Frameworks",
				);
				PRODUCT_BUNDLE_IDENTIFIER = com.cryptape.cita;
				PRODUCT_NAME = "$(TARGET_NAME:c99extidentifier)";
				SKIP_INSTALL = YES;
				SWIFT_VERSION = 5.0;
				TARGETED_DEVICE_FAMILY = "1,2";
			};
			name = Release;
		};
		1A67ED46211BEAFD00DCE871 /* Debug */ = {
			isa = XCBuildConfiguration;
			baseConfigurationReference = 69F270D62F7F19A30770BD03 /* Pods-CITATests.debug.xcconfig */;
			buildSettings = {
				CODE_SIGN_STYLE = Automatic;
				INFOPLIST_FILE = Tests/Info.plist;
				LD_RUNPATH_SEARCH_PATHS = (
					"$(inherited)",
					"@executable_path/Frameworks",
					"@loader_path/Frameworks",
				);
				PRODUCT_BUNDLE_IDENTIFIER = com.cryptape.CITATests;
				PRODUCT_NAME = "$(TARGET_NAME)";
				SWIFT_VERSION = 5.0;
				TARGETED_DEVICE_FAMILY = "1,2";
			};
			name = Debug;
		};
		1A67ED47211BEAFD00DCE871 /* Release */ = {
			isa = XCBuildConfiguration;
			baseConfigurationReference = 52649428F467A7C12F27B336 /* Pods-CITATests.release.xcconfig */;
			buildSettings = {
				CODE_SIGN_STYLE = Automatic;
				INFOPLIST_FILE = Tests/Info.plist;
				LD_RUNPATH_SEARCH_PATHS = (
					"$(inherited)",
					"@executable_path/Frameworks",
					"@loader_path/Frameworks",
				);
				PRODUCT_BUNDLE_IDENTIFIER = com.cryptape.CITATests;
				PRODUCT_NAME = "$(TARGET_NAME)";
				SWIFT_VERSION = 5.0;
				TARGETED_DEVICE_FAMILY = "1,2";
			};
			name = Release;
		};
/* End XCBuildConfiguration section */

/* Begin XCConfigurationList section */
		1A67ED28211BEAFC00DCE871 /* Build configuration list for PBXProject "CITA" */ = {
			isa = XCConfigurationList;
			buildConfigurations = (
				1A67ED40211BEAFD00DCE871 /* Debug */,
				1A67ED41211BEAFD00DCE871 /* Release */,
			);
			defaultConfigurationIsVisible = 0;
			defaultConfigurationName = Release;
		};
		1A67ED42211BEAFD00DCE871 /* Build configuration list for PBXNativeTarget "CITA" */ = {
			isa = XCConfigurationList;
			buildConfigurations = (
				1A67ED43211BEAFD00DCE871 /* Debug */,
				1A67ED44211BEAFD00DCE871 /* Release */,
			);
			defaultConfigurationIsVisible = 0;
			defaultConfigurationName = Release;
		};
		1A67ED45211BEAFD00DCE871 /* Build configuration list for PBXNativeTarget "CITATests" */ = {
			isa = XCConfigurationList;
			buildConfigurations = (
				1A67ED46211BEAFD00DCE871 /* Debug */,
				1A67ED47211BEAFD00DCE871 /* Release */,
			);
			defaultConfigurationIsVisible = 0;
			defaultConfigurationName = Release;
		};
/* End XCConfigurationList section */
	};
	rootObject = 1A67ED25211BEAFC00DCE871 /* Project object */;
}
