PODS:
  - BigInt (3.1.0):
    - SipHash (~> 1.2)
  - CryptoSwift (0.13.0)
  - PromiseKit (6.5.2):
    - PromiseKit/CorePromise (= 6.5.2)
    - PromiseKit/Foundation (= 6.5.2)
    - PromiseKit/UIKit (= 6.5.2)
  - PromiseKit/CorePromise (6.5.2)
  - PromiseKit/Foundation (6.5.2):
    - PromiseKit/CorePromise
  - PromiseKit/UIKit (6.5.2):
    - PromiseKit/CorePromise
  - secp256k1_swift (1.0.3)
  - SipHash (1.2.2)
  - SwiftProtobuf (1.2.0)

DEPENDENCIES:
  - BigInt (~> 3.1)
  - CryptoSwift (~> 0.13)
  - PromiseKit (~> 6.5)
  - secp256k1_swift (~> 1.0.3)
  - SwiftProtobuf (~> 1.2.0)

SPEC REPOS:
  https://github.com/cocoapods/specs.git:
    - BigInt
    - CryptoSwift
    - PromiseKit
    - secp256k1_swift
    - SipHash
    - SwiftProtobuf

SPEC CHECKSUMS:
  BigInt: 76b5dfdfa3e2e478d4ffdf161aeede5502e2742f
  CryptoSwift: 16e78bebf567bad1c87b2d58f6547f25b74c31aa
  PromiseKit: 27c1601bfb73405871b805bcb8cf7e55c4dad3db
  secp256k1_swift: 4fc5c4b2d2c6d21ee8ccb868cdc92da12f38bed9
  SipHash: fad90a4683e420c52ef28063063dbbce248ea6d4
  SwiftProtobuf: 91a9856079044ef4ec762b2344c763cd9e5a73c1

PODFILE CHECKSUM: 1673ead9166e4c66a1e4f336a7b485d86636dead

COCOAPODS: 1.5.3
