// !$*UTF8*$!
{
	archiveVersion = 1;
	classes = {
	};
	objectVersion = 50;
	objects = {

/* Begin PBXBuildFile section */
		1A0529C0214258EC00C847CA /* NervosTransactionUnsigner.swift in Sources */ = {isa = PBXBuildFile; fileRef = 1A0529BF214258EC00C847CA /* NervosTransactionUnsigner.swift */; };
		1A0529C2214279A500C847CA /* NervosTransactionUnsignerTests.swift in Sources */ = {isa = PBXBuildFile; fileRef = 1A0529C1214279A500C847CA /* NervosTransactionUnsignerTests.swift */; };
		1A42225E212AA59700DF1994 /* AppChain+API.swift in Sources */ = {isa = PBXBuildFile; fileRef = 1A42225D212AA59700DF1994 /* AppChain+API.swift */; };
		1A58853A211DC759007043F1 /* AppChainTests.swift in Sources */ = {isa = PBXBuildFile; fileRef = 1A588539211DC759007043F1 /* AppChainTests.swift */; };
		1A64297D211C5E0700352209 /* NervosProvider.swift in Sources */ = {isa = PBXBuildFile; fileRef = 1A64297C211C5E0700352209 /* NervosProvider.swift */; };
		1A64297F211C63E000352209 /* Config.swift in Sources */ = {isa = PBXBuildFile; fileRef = 1A64297E211C63E000352209 /* Config.swift */; };
		1A67ED38211BEAFD00DCE871 /* Nervos.framework in Frameworks */ = {isa = PBXBuildFile; fileRef = 1A67ED2E211BEAFC00DCE871 /* Nervos.framework */; };
		1A67ED3D211BEAFD00DCE871 /* NervosProviderTests.swift in Sources */ = {isa = PBXBuildFile; fileRef = 1A67ED3C211BEAFD00DCE871 /* NervosProviderTests.swift */; };
		1A67ED3F211BEAFD00DCE871 /* Nervos.h in Headers */ = {isa = PBXBuildFile; fileRef = 1A67ED31211BEAFD00DCE871 /* Nervos.h */; settings = {ATTRIBUTES = (Public, ); }; };
		1A67ED4B211D08A700DCE871 /* Nervos.swift in Sources */ = {isa = PBXBuildFile; fileRef = 1A67ED4A211D08A700DCE871 /* Nervos.swift */; };
		1A67ED4D211D0AA600DCE871 /* RequestDispatcher.swift in Sources */ = {isa = PBXBuildFile; fileRef = 1A67ED4C211D0AA600DCE871 /* RequestDispatcher.swift */; };
		1A67ED50211D11C600DCE871 /* Request.swift in Sources */ = {isa = PBXBuildFile; fileRef = 1A67ED4F211D11C600DCE871 /* Request.swift */; };
		1A67ED52211D11D100DCE871 /* Response.swift in Sources */ = {isa = PBXBuildFile; fileRef = 1A67ED51211D11D100DCE871 /* Response.swift */; };
		1A67ED54211D122000DCE871 /* Method.swift in Sources */ = {isa = PBXBuildFile; fileRef = 1A67ED53211D122000DCE871 /* Method.swift */; };
		1A67ED56211D12A200DCE871 /* Params.swift in Sources */ = {isa = PBXBuildFile; fileRef = 1A67ED55211D12A200DCE871 /* Params.swift */; };
		1A67ED59211D151100DCE871 /* String+Extension.swift in Sources */ = {isa = PBXBuildFile; fileRef = 1A67ED58211D151100DCE871 /* String+Extension.swift */; };
		1A67ED5B211D1C3C00DCE871 /* AppChain.swift in Sources */ = {isa = PBXBuildFile; fileRef = 1A67ED5A211D1C3C00DCE871 /* AppChain.swift */; };
		1A67ED5D211D1FF900DCE871 /* NervosTests.swift in Sources */ = {isa = PBXBuildFile; fileRef = 1A67ED5C211D1FF900DCE871 /* NervosTests.swift */; };
		1A67ED5F211D55E500DCE871 /* MetaData.swift in Sources */ = {isa = PBXBuildFile; fileRef = 1A67ED5E211D55E500DCE871 /* MetaData.swift */; };
		1A6B2B2721533F43003420A0 /* Alias.swift in Sources */ = {isa = PBXBuildFile; fileRef = 1A6B2B2621533F43003420A0 /* Alias.swift */; };
		1A6B2B2921533FA5003420A0 /* Address.swift in Sources */ = {isa = PBXBuildFile; fileRef = 1A6B2B2821533FA5003420A0 /* Address.swift */; };
		1A6B2B2C21534CEF003420A0 /* AddressTests.swift in Sources */ = {isa = PBXBuildFile; fileRef = 1A6B2B2B21534CEF003420A0 /* AddressTests.swift */; };
		1A6B55072160EEBE001BA711 /* Config.json in Resources */ = {isa = PBXBuildFile; fileRef = 8990CDB62160682F00205129 /* Config.json */; };
		1A9204E02161B20B004B54DC /* Utils.swift in Sources */ = {isa = PBXBuildFile; fileRef = 1A9204DF2161B20B004B54DC /* Utils.swift */; };
		1A9204E22161BC0D004B54DC /* UtilsTests.swift in Sources */ = {isa = PBXBuildFile; fileRef = 1A9204E12161BC0D004B54DC /* UtilsTests.swift */; };
		1AA6F63521527B25001DA165 /* IntExtensionTests.swift in Sources */ = {isa = PBXBuildFile; fileRef = 1AA6F63421527B25001DA165 /* IntExtensionTests.swift */; };
		1AB5C6D8212112DA00148587 /* AppChain+Promises.swift in Sources */ = {isa = PBXBuildFile; fileRef = 1AB5C6D7212112DA00148587 /* AppChain+Promises.swift */; };
		1AB5C6DA212125A200148587 /* Int+Extension.swift in Sources */ = {isa = PBXBuildFile; fileRef = 1AB5C6D9212125A200148587 /* Int+Extension.swift */; };
		1AB5C6DC2121751400148587 /* Block.swift in Sources */ = {isa = PBXBuildFile; fileRef = 1AB5C6DB2121751400148587 /* Block.swift */; };
		1AD65F8E2121795B00AA4C84 /* TransactionReceipt.swift in Sources */ = {isa = PBXBuildFile; fileRef = 1AD65F8D2121795B00AA4C84 /* TransactionReceipt.swift */; };
		1AD65F9021217AC000AA4C84 /* DecodeUtils.swift in Sources */ = {isa = PBXBuildFile; fileRef = 1AD65F8F21217AC000AA4C84 /* DecodeUtils.swift */; };
		1AD65F922121822600AA4C84 /* TransactionDetails.swift in Sources */ = {isa = PBXBuildFile; fileRef = 1AD65F912121822600AA4C84 /* TransactionDetails.swift */; };
		1AD65F97212294C800AA4C84 /* NervosTransaction.swift in Sources */ = {isa = PBXBuildFile; fileRef = 1AD65F96212294C800AA4C84 /* NervosTransaction.swift */; };
		1AD65F9B2122983A00AA4C84 /* Transaction.pb.swift in Sources */ = {isa = PBXBuildFile; fileRef = 1AD65F9A2122983A00AA4C84 /* Transaction.pb.swift */; };
		1AD65F9D2122999900AA4C84 /* Secp251k1.swift in Sources */ = {isa = PBXBuildFile; fileRef = 1AD65F9C2122999900AA4C84 /* Secp251k1.swift */; };
		1AD65F9F21229AF500AA4C84 /* NervosTransactionSigner.swift in Sources */ = {isa = PBXBuildFile; fileRef = 1AD65F9E21229AF500AA4C84 /* NervosTransactionSigner.swift */; };
		1AD65FA12122A1F900AA4C84 /* TransactionSendingResult.swift in Sources */ = {isa = PBXBuildFile; fileRef = 1AD65FA02122A1F900AA4C84 /* TransactionSendingResult.swift */; };
		1AD65FA62122AF4400AA4C84 /* NervosTransactionSignerTest.swift in Sources */ = {isa = PBXBuildFile; fileRef = 1AD65FA42122AF2F00AA4C84 /* NervosTransactionSignerTest.swift */; };
		4561825AA44494F0A0169D68 /* Pods_NervosTests.framework in Frameworks */ = {isa = PBXBuildFile; fileRef = 6B2550BBCC89EE6098537770 /* Pods_NervosTests.framework */; };
		516C5C2B6C66E1C77AB15B57 /* Pods_Nervos.framework in Frameworks */ = {isa = PBXBuildFile; fileRef = 6EC1BC44472A0BC7ED1CA017 /* Pods_Nervos.framework */; };
/* End PBXBuildFile section */

/* Begin PBXContainerItemProxy section */
		1A67ED39211BEAFD00DCE871 /* PBXContainerItemProxy */ = {
			isa = PBXContainerItemProxy;
			containerPortal = 1A67ED25211BEAFC00DCE871 /* Project object */;
			proxyType = 1;
			remoteGlobalIDString = 1A67ED2D211BEAFC00DCE871;
			remoteInfo = Nervos;
		};
/* End PBXContainerItemProxy section */

/* Begin PBXFileReference section */
		1A0529BF214258EC00C847CA /* NervosTransactionUnsigner.swift */ = {isa = PBXFileReference; lastKnownFileType = sourcecode.swift; path = NervosTransactionUnsigner.swift; sourceTree = "<group>"; };
		1A0529C1214279A500C847CA /* NervosTransactionUnsignerTests.swift */ = {isa = PBXFileReference; lastKnownFileType = sourcecode.swift; path = NervosTransactionUnsignerTests.swift; sourceTree = "<group>"; };
		1A42225D212AA59700DF1994 /* AppChain+API.swift */ = {isa = PBXFileReference; lastKnownFileType = sourcecode.swift; path = "AppChain+API.swift"; sourceTree = "<group>"; };
		1A588539211DC759007043F1 /* AppChainTests.swift */ = {isa = PBXFileReference; lastKnownFileType = sourcecode.swift; path = AppChainTests.swift; sourceTree = "<group>"; };
		1A64297C211C5E0700352209 /* NervosProvider.swift */ = {isa = PBXFileReference; lastKnownFileType = sourcecode.swift; path = NervosProvider.swift; sourceTree = "<group>"; };
		1A64297E211C63E000352209 /* Config.swift */ = {isa = PBXFileReference; lastKnownFileType = sourcecode.swift; path = Config.swift; sourceTree = "<group>"; };
		1A67ED2E211BEAFC00DCE871 /* Nervos.framework */ = {isa = PBXFileReference; explicitFileType = wrapper.framework; includeInIndex = 0; path = Nervos.framework; sourceTree = BUILT_PRODUCTS_DIR; };
		1A67ED31211BEAFD00DCE871 /* Nervos.h */ = {isa = PBXFileReference; lastKnownFileType = sourcecode.c.h; path = Nervos.h; sourceTree = "<group>"; };
		1A67ED32211BEAFD00DCE871 /* Info.plist */ = {isa = PBXFileReference; lastKnownFileType = text.plist.xml; path = Info.plist; sourceTree = "<group>"; };
		1A67ED37211BEAFD00DCE871 /* NervosTests.xctest */ = {isa = PBXFileReference; explicitFileType = wrapper.cfbundle; includeInIndex = 0; path = NervosTests.xctest; sourceTree = BUILT_PRODUCTS_DIR; };
		1A67ED3C211BEAFD00DCE871 /* NervosProviderTests.swift */ = {isa = PBXFileReference; lastKnownFileType = sourcecode.swift; path = NervosProviderTests.swift; sourceTree = "<group>"; };
		1A67ED3E211BEAFD00DCE871 /* Info.plist */ = {isa = PBXFileReference; lastKnownFileType = text.plist.xml; path = Info.plist; sourceTree = "<group>"; };
		1A67ED4A211D08A700DCE871 /* Nervos.swift */ = {isa = PBXFileReference; lastKnownFileType = sourcecode.swift; path = Nervos.swift; sourceTree = "<group>"; };
		1A67ED4C211D0AA600DCE871 /* RequestDispatcher.swift */ = {isa = PBXFileReference; lastKnownFileType = sourcecode.swift; path = RequestDispatcher.swift; sourceTree = "<group>"; };
		1A67ED4F211D11C600DCE871 /* Request.swift */ = {isa = PBXFileReference; lastKnownFileType = sourcecode.swift; path = Request.swift; sourceTree = "<group>"; };
		1A67ED51211D11D100DCE871 /* Response.swift */ = {isa = PBXFileReference; lastKnownFileType = sourcecode.swift; path = Response.swift; sourceTree = "<group>"; };
		1A67ED53211D122000DCE871 /* Method.swift */ = {isa = PBXFileReference; lastKnownFileType = sourcecode.swift; path = Method.swift; sourceTree = "<group>"; };
		1A67ED55211D12A200DCE871 /* Params.swift */ = {isa = PBXFileReference; lastKnownFileType = sourcecode.swift; path = Params.swift; sourceTree = "<group>"; };
		1A67ED58211D151100DCE871 /* String+Extension.swift */ = {isa = PBXFileReference; lastKnownFileType = sourcecode.swift; path = "String+Extension.swift"; sourceTree = "<group>"; };
		1A67ED5A211D1C3C00DCE871 /* AppChain.swift */ = {isa = PBXFileReference; lastKnownFileType = sourcecode.swift; path = AppChain.swift; sourceTree = "<group>"; };
		1A67ED5C211D1FF900DCE871 /* NervosTests.swift */ = {isa = PBXFileReference; lastKnownFileType = sourcecode.swift; path = NervosTests.swift; sourceTree = "<group>"; };
		1A67ED5E211D55E500DCE871 /* MetaData.swift */ = {isa = PBXFileReference; lastKnownFileType = sourcecode.swift; path = MetaData.swift; sourceTree = "<group>"; };
		1A6B2B2621533F43003420A0 /* Alias.swift */ = {isa = PBXFileReference; lastKnownFileType = sourcecode.swift; path = Alias.swift; sourceTree = "<group>"; };
		1A6B2B2821533FA5003420A0 /* Address.swift */ = {isa = PBXFileReference; lastKnownFileType = sourcecode.swift; path = Address.swift; sourceTree = "<group>"; };
		1A6B2B2B21534CEF003420A0 /* AddressTests.swift */ = {isa = PBXFileReference; lastKnownFileType = sourcecode.swift; path = AddressTests.swift; sourceTree = "<group>"; };
		1A9204DF2161B20B004B54DC /* Utils.swift */ = {isa = PBXFileReference; lastKnownFileType = sourcecode.swift; path = Utils.swift; sourceTree = "<group>"; };
		1A9204E12161BC0D004B54DC /* UtilsTests.swift */ = {isa = PBXFileReference; lastKnownFileType = sourcecode.swift; path = UtilsTests.swift; sourceTree = "<group>"; };
		1AA6F63421527B25001DA165 /* IntExtensionTests.swift */ = {isa = PBXFileReference; lastKnownFileType = sourcecode.swift; path = IntExtensionTests.swift; sourceTree = "<group>"; };
		1AB5C6D7212112DA00148587 /* AppChain+Promises.swift */ = {isa = PBXFileReference; lastKnownFileType = sourcecode.swift; path = "AppChain+Promises.swift"; sourceTree = "<group>"; };
		1AB5C6D9212125A200148587 /* Int+Extension.swift */ = {isa = PBXFileReference; lastKnownFileType = sourcecode.swift; path = "Int+Extension.swift"; sourceTree = "<group>"; };
		1AB5C6DB2121751400148587 /* Block.swift */ = {isa = PBXFileReference; lastKnownFileType = sourcecode.swift; path = Block.swift; sourceTree = "<group>"; };
		1AD65F8D2121795B00AA4C84 /* TransactionReceipt.swift */ = {isa = PBXFileReference; lastKnownFileType = sourcecode.swift; path = TransactionReceipt.swift; sourceTree = "<group>"; };
		1AD65F8F21217AC000AA4C84 /* DecodeUtils.swift */ = {isa = PBXFileReference; lastKnownFileType = sourcecode.swift; path = DecodeUtils.swift; sourceTree = "<group>"; };
		1AD65F912121822600AA4C84 /* TransactionDetails.swift */ = {isa = PBXFileReference; lastKnownFileType = sourcecode.swift; path = TransactionDetails.swift; sourceTree = "<group>"; };
		1AD65F96212294C800AA4C84 /* NervosTransaction.swift */ = {isa = PBXFileReference; lastKnownFileType = sourcecode.swift; path = NervosTransaction.swift; sourceTree = "<group>"; };
		1AD65F9A2122983A00AA4C84 /* Transaction.pb.swift */ = {isa = PBXFileReference; fileEncoding = 4; lastKnownFileType = sourcecode.swift; path = Transaction.pb.swift; sourceTree = "<group>"; };
		1AD65F9C2122999900AA4C84 /* Secp251k1.swift */ = {isa = PBXFileReference; fileEncoding = 4; lastKnownFileType = sourcecode.swift; path = Secp251k1.swift; sourceTree = "<group>"; };
		1AD65F9E21229AF500AA4C84 /* NervosTransactionSigner.swift */ = {isa = PBXFileReference; lastKnownFileType = sourcecode.swift; path = NervosTransactionSigner.swift; sourceTree = "<group>"; };
		1AD65FA02122A1F900AA4C84 /* TransactionSendingResult.swift */ = {isa = PBXFileReference; lastKnownFileType = sourcecode.swift; path = TransactionSendingResult.swift; sourceTree = "<group>"; };
		1AD65FA42122AF2F00AA4C84 /* NervosTransactionSignerTest.swift */ = {isa = PBXFileReference; lastKnownFileType = sourcecode.swift; path = NervosTransactionSignerTest.swift; sourceTree = "<group>"; };
		2592D768976DDA03188738F7 /* Pods-NervosTests.debug.xcconfig */ = {isa = PBXFileReference; includeInIndex = 1; lastKnownFileType = text.xcconfig; name = "Pods-NervosTests.debug.xcconfig"; path = "Pods/Target Support Files/Pods-NervosTests/Pods-NervosTests.debug.xcconfig"; sourceTree = "<group>"; };
		624397CF46A1E8EBCAD0932D /* Pods-Nervos.release.xcconfig */ = {isa = PBXFileReference; includeInIndex = 1; lastKnownFileType = text.xcconfig; name = "Pods-Nervos.release.xcconfig"; path = "Pods/Target Support Files/Pods-Nervos/Pods-Nervos.release.xcconfig"; sourceTree = "<group>"; };
		6B2550BBCC89EE6098537770 /* Pods_NervosTests.framework */ = {isa = PBXFileReference; explicitFileType = wrapper.framework; includeInIndex = 0; path = Pods_NervosTests.framework; sourceTree = BUILT_PRODUCTS_DIR; };
		6EC1BC44472A0BC7ED1CA017 /* Pods_Nervos.framework */ = {isa = PBXFileReference; explicitFileType = wrapper.framework; includeInIndex = 0; path = Pods_Nervos.framework; sourceTree = BUILT_PRODUCTS_DIR; };
		80F25F15A48449F02D1BECE8 /* Pods-NervosTests.release.xcconfig */ = {isa = PBXFileReference; includeInIndex = 1; lastKnownFileType = text.xcconfig; name = "Pods-NervosTests.release.xcconfig"; path = "Pods/Target Support Files/Pods-NervosTests/Pods-NervosTests.release.xcconfig"; sourceTree = "<group>"; };
		8990CDB62160682F00205129 /* Config.json */ = {isa = PBXFileReference; fileEncoding = 4; lastKnownFileType = text.json; path = Config.json; sourceTree = "<group>"; };
		97660DCBF57208A1791D7CED /* Pods-Nervos.debug.xcconfig */ = {isa = PBXFileReference; includeInIndex = 1; lastKnownFileType = text.xcconfig; name = "Pods-Nervos.debug.xcconfig"; path = "Pods/Target Support Files/Pods-Nervos/Pods-Nervos.debug.xcconfig"; sourceTree = "<group>"; };
/* End PBXFileReference section */

/* Begin PBXFrameworksBuildPhase section */
		1A67ED2A211BEAFC00DCE871 /* Frameworks */ = {
			isa = PBXFrameworksBuildPhase;
			buildActionMask = 2147483647;
			files = (
				516C5C2B6C66E1C77AB15B57 /* Pods_Nervos.framework in Frameworks */,
			);
			runOnlyForDeploymentPostprocessing = 0;
		};
		1A67ED34211BEAFD00DCE871 /* Frameworks */ = {
			isa = PBXFrameworksBuildPhase;
			buildActionMask = 2147483647;
			files = (
				1A67ED38211BEAFD00DCE871 /* Nervos.framework in Frameworks */,
				4561825AA44494F0A0169D68 /* Pods_NervosTests.framework in Frameworks */,
			);
			runOnlyForDeploymentPostprocessing = 0;
		};
/* End PBXFrameworksBuildPhase section */

/* Begin PBXGroup section */
		1A67ED24211BEAFC00DCE871 = {
			isa = PBXGroup;
			children = (
				1A67ED30211BEAFC00DCE871 /* Source */,
				1A67ED3B211BEAFD00DCE871 /* Tests */,
				1A67ED2F211BEAFC00DCE871 /* Products */,
				A710FAD6940A0E7AB63E759E /* Pods */,
				AAF837EC28C7AC4FCFA94F1E /* Frameworks */,
			);
			sourceTree = "<group>";
		};
		1A67ED2F211BEAFC00DCE871 /* Products */ = {
			isa = PBXGroup;
			children = (
				1A67ED2E211BEAFC00DCE871 /* Nervos.framework */,
				1A67ED37211BEAFD00DCE871 /* NervosTests.xctest */,
			);
			name = Products;
			sourceTree = "<group>";
		};
		1A67ED30211BEAFC00DCE871 /* Source */ = {
			isa = PBXGroup;
			children = (
				1A67ED57211D14F200DCE871 /* Utils */,
				1A67ED4E211D117B00DCE871 /* JSONRPC */,
				1A67ED49211D089000DCE871 /* AppChain */,
				1AD65F95212294AD00AA4C84 /* Signer */,
				1A6B2B2521533EFA003420A0 /* Nervos */,
				1A67ED31211BEAFD00DCE871 /* Nervos.h */,
				1A67ED32211BEAFD00DCE871 /* Info.plist */,
			);
			path = Source;
			sourceTree = "<group>";
		};
		1A67ED3B211BEAFD00DCE871 /* Tests */ = {
			isa = PBXGroup;
			children = (
				1AA6F63321527B08001DA165 /* Utils */,
				1AD65FA22122AF0E00AA4C84 /* AppChain */,
				1AD65FA32122AF1700AA4C84 /* Signer */,
				1A6B2B2A21534CD1003420A0 /* Nervos */,
				1A64297E211C63E000352209 /* Config.swift */,
				8990CDB62160682F00205129 /* Config.json */,
				1A67ED3E211BEAFD00DCE871 /* Info.plist */,
			);
			path = Tests;
			sourceTree = "<group>";
		};
		1A67ED49211D089000DCE871 /* AppChain */ = {
			isa = PBXGroup;
			children = (
				1AB5C6DD2121760800148587 /* Structures */,
				1A67ED5A211D1C3C00DCE871 /* AppChain.swift */,
				1A42225D212AA59700DF1994 /* AppChain+API.swift */,
				1AB5C6D7212112DA00148587 /* AppChain+Promises.swift */,
			);
			path = AppChain;
			sourceTree = "<group>";
		};
		1A67ED4E211D117B00DCE871 /* JSONRPC */ = {
			isa = PBXGroup;
			children = (
				1A67ED55211D12A200DCE871 /* Params.swift */,
				1A67ED53211D122000DCE871 /* Method.swift */,
				1A67ED4F211D11C600DCE871 /* Request.swift */,
				1A67ED51211D11D100DCE871 /* Response.swift */,
				1A67ED4C211D0AA600DCE871 /* RequestDispatcher.swift */,
			);
			path = JSONRPC;
			sourceTree = "<group>";
		};
		1A67ED57211D14F200DCE871 /* Utils */ = {
			isa = PBXGroup;
			children = (
				1A67ED58211D151100DCE871 /* String+Extension.swift */,
				1AB5C6D9212125A200148587 /* Int+Extension.swift */,
				1AD65F8F21217AC000AA4C84 /* DecodeUtils.swift */,
				1AD65F9C2122999900AA4C84 /* Secp251k1.swift */,
				1A9204DF2161B20B004B54DC /* Utils.swift */,
			);
			path = Utils;
			sourceTree = "<group>";
		};
		1A6B2B2521533EFA003420A0 /* Nervos */ = {
			isa = PBXGroup;
			children = (
				1A64297C211C5E0700352209 /* NervosProvider.swift */,
				1A67ED4A211D08A700DCE871 /* Nervos.swift */,
				1A6B2B2621533F43003420A0 /* Alias.swift */,
				1A6B2B2821533FA5003420A0 /* Address.swift */,
			);
			path = Nervos;
			sourceTree = "<group>";
		};
		1A6B2B2A21534CD1003420A0 /* Nervos */ = {
			isa = PBXGroup;
			children = (
				1A67ED3C211BEAFD00DCE871 /* NervosProviderTests.swift */,
				1A67ED5C211D1FF900DCE871 /* NervosTests.swift */,
				1A6B2B2B21534CEF003420A0 /* AddressTests.swift */,
			);
			path = Nervos;
			sourceTree = "<group>";
		};
		1AA6F63321527B08001DA165 /* Utils */ = {
			isa = PBXGroup;
			children = (
				1AA6F63421527B25001DA165 /* IntExtensionTests.swift */,
				1A9204E12161BC0D004B54DC /* UtilsTests.swift */,
			);
			path = Utils;
			sourceTree = "<group>";
		};
		1AB5C6DD2121760800148587 /* Structures */ = {
			isa = PBXGroup;
			children = (
				1A67ED5E211D55E500DCE871 /* MetaData.swift */,
				1AB5C6DB2121751400148587 /* Block.swift */,
				1AD65F8D2121795B00AA4C84 /* TransactionReceipt.swift */,
				1AD65F912121822600AA4C84 /* TransactionDetails.swift */,
				1AD65FA02122A1F900AA4C84 /* TransactionSendingResult.swift */,
			);
			path = Structures;
			sourceTree = "<group>";
		};
		1AD65F95212294AD00AA4C84 /* Signer */ = {
			isa = PBXGroup;
			children = (
				1AD65F9A2122983A00AA4C84 /* Transaction.pb.swift */,
				1AD65F96212294C800AA4C84 /* NervosTransaction.swift */,
				1AD65F9E21229AF500AA4C84 /* NervosTransactionSigner.swift */,
				1A0529BF214258EC00C847CA /* NervosTransactionUnsigner.swift */,
			);
			path = Signer;
			sourceTree = "<group>";
		};
		1AD65FA22122AF0E00AA4C84 /* AppChain */ = {
			isa = PBXGroup;
			children = (
				1A588539211DC759007043F1 /* AppChainTests.swift */,
			);
			path = AppChain;
			sourceTree = "<group>";
		};
		1AD65FA32122AF1700AA4C84 /* Signer */ = {
			isa = PBXGroup;
			children = (
				1AD65FA42122AF2F00AA4C84 /* NervosTransactionSignerTest.swift */,
				1A0529C1214279A500C847CA /* NervosTransactionUnsignerTests.swift */,
			);
			path = Signer;
			sourceTree = "<group>";
		};
		A710FAD6940A0E7AB63E759E /* Pods */ = {
			isa = PBXGroup;
			children = (
				97660DCBF57208A1791D7CED /* Pods-Nervos.debug.xcconfig */,
				624397CF46A1E8EBCAD0932D /* Pods-Nervos.release.xcconfig */,
				2592D768976DDA03188738F7 /* Pods-NervosTests.debug.xcconfig */,
				80F25F15A48449F02D1BECE8 /* Pods-NervosTests.release.xcconfig */,
			);
			name = Pods;
			sourceTree = "<group>";
		};
		AAF837EC28C7AC4FCFA94F1E /* Frameworks */ = {
			isa = PBXGroup;
			children = (
				6EC1BC44472A0BC7ED1CA017 /* Pods_Nervos.framework */,
				6B2550BBCC89EE6098537770 /* Pods_NervosTests.framework */,
			);
			name = Frameworks;
			sourceTree = "<group>";
		};
/* End PBXGroup section */

/* Begin PBXHeadersBuildPhase section */
		1A67ED2B211BEAFC00DCE871 /* Headers */ = {
			isa = PBXHeadersBuildPhase;
			buildActionMask = 2147483647;
			files = (
				1A67ED3F211BEAFD00DCE871 /* Nervos.h in Headers */,
			);
			runOnlyForDeploymentPostprocessing = 0;
		};
/* End PBXHeadersBuildPhase section */

/* Begin PBXNativeTarget section */
		1A67ED2D211BEAFC00DCE871 /* Nervos */ = {
			isa = PBXNativeTarget;
			buildConfigurationList = 1A67ED42211BEAFD00DCE871 /* Build configuration list for PBXNativeTarget "Nervos" */;
			buildPhases = (
				0F50974501A47BEA564603D8 /* [CP] Check Pods Manifest.lock */,
				1A67ED29211BEAFC00DCE871 /* Sources */,
				1A67ED2A211BEAFC00DCE871 /* Frameworks */,
				1A67ED2B211BEAFC00DCE871 /* Headers */,
				1A67ED2C211BEAFC00DCE871 /* Resources */,
				1A67ED48211BF20100DCE871 /* SwiftLint */,
			);
			buildRules = (
			);
			dependencies = (
			);
			name = Nervos;
			productName = Nervos;
			productReference = 1A67ED2E211BEAFC00DCE871 /* Nervos.framework */;
			productType = "com.apple.product-type.framework";
		};
		1A67ED36211BEAFD00DCE871 /* NervosTests */ = {
			isa = PBXNativeTarget;
			buildConfigurationList = 1A67ED45211BEAFD00DCE871 /* Build configuration list for PBXNativeTarget "NervosTests" */;
			buildPhases = (
				AFEC11B188AD712CF03892D9 /* [CP] Check Pods Manifest.lock */,
				1A67ED33211BEAFD00DCE871 /* Sources */,
				1A67ED34211BEAFD00DCE871 /* Frameworks */,
				1A67ED35211BEAFD00DCE871 /* Resources */,
				ED67D5EB28334817D99A8785 /* [CP] Embed Pods Frameworks */,
			);
			buildRules = (
			);
			dependencies = (
				1A67ED3A211BEAFD00DCE871 /* PBXTargetDependency */,
			);
			name = NervosTests;
			productName = NervosTests;
			productReference = 1A67ED37211BEAFD00DCE871 /* NervosTests.xctest */;
			productType = "com.apple.product-type.bundle.unit-test";
		};
/* End PBXNativeTarget section */

/* Begin PBXProject section */
		1A67ED25211BEAFC00DCE871 /* Project object */ = {
			isa = PBXProject;
			attributes = {
				LastSwiftUpdateCheck = 0940;
				LastUpgradeCheck = 0940;
				ORGANIZATIONNAME = Cryptape;
				TargetAttributes = {
					1A67ED2D211BEAFC00DCE871 = {
						CreatedOnToolsVersion = 9.4.1;
						LastSwiftMigration = 1000;
					};
					1A67ED36211BEAFD00DCE871 = {
						CreatedOnToolsVersion = 9.4.1;
						LastSwiftMigration = 1000;
					};
				};
			};
			buildConfigurationList = 1A67ED28211BEAFC00DCE871 /* Build configuration list for PBXProject "Nervos" */;
			compatibilityVersion = "Xcode 9.3";
			developmentRegion = en;
			hasScannedForEncodings = 0;
			knownRegions = (
				en,
			);
			mainGroup = 1A67ED24211BEAFC00DCE871;
			productRefGroup = 1A67ED2F211BEAFC00DCE871 /* Products */;
			projectDirPath = "";
			projectRoot = "";
			targets = (
				1A67ED2D211BEAFC00DCE871 /* Nervos */,
				1A67ED36211BEAFD00DCE871 /* NervosTests */,
			);
		};
/* End PBXProject section */

/* Begin PBXResourcesBuildPhase section */
		1A67ED2C211BEAFC00DCE871 /* Resources */ = {
			isa = PBXResourcesBuildPhase;
			buildActionMask = 2147483647;
			files = (
			);
			runOnlyForDeploymentPostprocessing = 0;
		};
		1A67ED35211BEAFD00DCE871 /* Resources */ = {
			isa = PBXResourcesBuildPhase;
			buildActionMask = 2147483647;
			files = (
				1A6B55072160EEBE001BA711 /* Config.json in Resources */,
			);
			runOnlyForDeploymentPostprocessing = 0;
		};
/* End PBXResourcesBuildPhase section */

/* Begin PBXShellScriptBuildPhase section */
		0F50974501A47BEA564603D8 /* [CP] Check Pods Manifest.lock */ = {
			isa = PBXShellScriptBuildPhase;
			buildActionMask = 2147483647;
			files = (
			);
			inputPaths = (
				"${PODS_PODFILE_DIR_PATH}/Podfile.lock",
				"${PODS_ROOT}/Manifest.lock",
			);
			name = "[CP] Check Pods Manifest.lock";
			outputPaths = (
				"$(DERIVED_FILE_DIR)/Pods-Nervos-checkManifestLockResult.txt",
			);
			runOnlyForDeploymentPostprocessing = 0;
			shellPath = /bin/sh;
			shellScript = "diff \"${PODS_PODFILE_DIR_PATH}/Podfile.lock\" \"${PODS_ROOT}/Manifest.lock\" > /dev/null\nif [ $? != 0 ] ; then\n    # print error to STDERR\n    echo \"error: The sandbox is not in sync with the Podfile.lock. Run 'pod install' or update your CocoaPods installation.\" >&2\n    exit 1\nfi\n# This output is used by Xcode 'outputs' to avoid re-running this script phase.\necho \"SUCCESS\" > \"${SCRIPT_OUTPUT_FILE_0}\"\n";
			showEnvVarsInLog = 0;
		};
		1A67ED48211BF20100DCE871 /* SwiftLint */ = {
			isa = PBXShellScriptBuildPhase;
			buildActionMask = 2147483647;
			files = (
			);
			inputPaths = (
			);
			name = SwiftLint;
			outputPaths = (
			);
			runOnlyForDeploymentPostprocessing = 0;
			shellPath = /bin/sh;
			shellScript = "if which swiftlint >/dev/null; then\n    swiftlint\nelse\n    echo \"warning: SwiftLint not installed, download from https://github.com/realm/SwiftLint\"\nfi";
		};
		AFEC11B188AD712CF03892D9 /* [CP] Check Pods Manifest.lock */ = {
			isa = PBXShellScriptBuildPhase;
			buildActionMask = 2147483647;
			files = (
			);
			inputPaths = (
				"${PODS_PODFILE_DIR_PATH}/Podfile.lock",
				"${PODS_ROOT}/Manifest.lock",
			);
			name = "[CP] Check Pods Manifest.lock";
			outputPaths = (
				"$(DERIVED_FILE_DIR)/Pods-NervosTests-checkManifestLockResult.txt",
			);
			runOnlyForDeploymentPostprocessing = 0;
			shellPath = /bin/sh;
			shellScript = "diff \"${PODS_PODFILE_DIR_PATH}/Podfile.lock\" \"${PODS_ROOT}/Manifest.lock\" > /dev/null\nif [ $? != 0 ] ; then\n    # print error to STDERR\n    echo \"error: The sandbox is not in sync with the Podfile.lock. Run 'pod install' or update your CocoaPods installation.\" >&2\n    exit 1\nfi\n# This output is used by Xcode 'outputs' to avoid re-running this script phase.\necho \"SUCCESS\" > \"${SCRIPT_OUTPUT_FILE_0}\"\n";
			showEnvVarsInLog = 0;
		};
		ED67D5EB28334817D99A8785 /* [CP] Embed Pods Frameworks */ = {
			isa = PBXShellScriptBuildPhase;
			buildActionMask = 2147483647;
			files = (
			);
			inputPaths = (
				"${SRCROOT}/Pods/Target Support Files/Pods-NervosTests/Pods-NervosTests-frameworks.sh",
				"${BUILT_PRODUCTS_DIR}/BigInt/BigInt.framework",
				"${BUILT_PRODUCTS_DIR}/CryptoSwift/CryptoSwift.framework",
				"${BUILT_PRODUCTS_DIR}/PromiseKit/PromiseKit.framework",
				"${BUILT_PRODUCTS_DIR}/Result/Result.framework",
				"${BUILT_PRODUCTS_DIR}/SipHash/SipHash.framework",
				"${BUILT_PRODUCTS_DIR}/SwiftProtobuf/SwiftProtobuf.framework",
				"${BUILT_PRODUCTS_DIR}/SwiftRLP/SwiftRLP.framework",
				"${BUILT_PRODUCTS_DIR}/scrypt/scrypt.framework",
				"${BUILT_PRODUCTS_DIR}/secp256k1_swift/secp256k1_swift.framework",
				"${BUILT_PRODUCTS_DIR}/web3swift/web3swift.framework",
			);
			name = "[CP] Embed Pods Frameworks";
			outputPaths = (
				"${TARGET_BUILD_DIR}/${FRAMEWORKS_FOLDER_PATH}/BigInt.framework",
				"${TARGET_BUILD_DIR}/${FRAMEWORKS_FOLDER_PATH}/CryptoSwift.framework",
				"${TARGET_BUILD_DIR}/${FRAMEWORKS_FOLDER_PATH}/PromiseKit.framework",
				"${TARGET_BUILD_DIR}/${FRAMEWORKS_FOLDER_PATH}/Result.framework",
				"${TARGET_BUILD_DIR}/${FRAMEWORKS_FOLDER_PATH}/SipHash.framework",
				"${TARGET_BUILD_DIR}/${FRAMEWORKS_FOLDER_PATH}/SwiftProtobuf.framework",
				"${TARGET_BUILD_DIR}/${FRAMEWORKS_FOLDER_PATH}/SwiftRLP.framework",
				"${TARGET_BUILD_DIR}/${FRAMEWORKS_FOLDER_PATH}/scrypt.framework",
				"${TARGET_BUILD_DIR}/${FRAMEWORKS_FOLDER_PATH}/secp256k1_swift.framework",
				"${TARGET_BUILD_DIR}/${FRAMEWORKS_FOLDER_PATH}/web3swift.framework",
			);
			runOnlyForDeploymentPostprocessing = 0;
			shellPath = /bin/sh;
			shellScript = "\"${SRCROOT}/Pods/Target Support Files/Pods-NervosTests/Pods-NervosTests-frameworks.sh\"\n";
			showEnvVarsInLog = 0;
		};
/* End PBXShellScriptBuildPhase section */

/* Begin PBXSourcesBuildPhase section */
		1A67ED29211BEAFC00DCE871 /* Sources */ = {
			isa = PBXSourcesBuildPhase;
			buildActionMask = 2147483647;
			files = (
				1AB5C6D8212112DA00148587 /* AppChain+Promises.swift in Sources */,
				1A67ED59211D151100DCE871 /* String+Extension.swift in Sources */,
				1A9204E02161B20B004B54DC /* Utils.swift in Sources */,
				1AD65F9B2122983A00AA4C84 /* Transaction.pb.swift in Sources */,
				1AB5C6DC2121751400148587 /* Block.swift in Sources */,
				1A67ED4B211D08A700DCE871 /* Nervos.swift in Sources */,
				1A67ED56211D12A200DCE871 /* Params.swift in Sources */,
				1A67ED5B211D1C3C00DCE871 /* AppChain.swift in Sources */,
				1AD65F8E2121795B00AA4C84 /* TransactionReceipt.swift in Sources */,
				1AD65F97212294C800AA4C84 /* NervosTransaction.swift in Sources */,
				1A6B2B2921533FA5003420A0 /* Address.swift in Sources */,
				1A67ED5F211D55E500DCE871 /* MetaData.swift in Sources */,
				1A67ED50211D11C600DCE871 /* Request.swift in Sources */,
				1AD65F9021217AC000AA4C84 /* DecodeUtils.swift in Sources */,
				1AD65F9F21229AF500AA4C84 /* NervosTransactionSigner.swift in Sources */,
				1A67ED54211D122000DCE871 /* Method.swift in Sources */,
				1A0529C0214258EC00C847CA /* NervosTransactionUnsigner.swift in Sources */,
				1A42225E212AA59700DF1994 /* AppChain+API.swift in Sources */,
				1A6B2B2721533F43003420A0 /* Alias.swift in Sources */,
				1A67ED4D211D0AA600DCE871 /* RequestDispatcher.swift in Sources */,
				1AD65FA12122A1F900AA4C84 /* TransactionSendingResult.swift in Sources */,
				1AB5C6DA212125A200148587 /* Int+Extension.swift in Sources */,
				1A64297D211C5E0700352209 /* NervosProvider.swift in Sources */,
				1AD65F9D2122999900AA4C84 /* Secp251k1.swift in Sources */,
				1A67ED52211D11D100DCE871 /* Response.swift in Sources */,
				1AD65F922121822600AA4C84 /* TransactionDetails.swift in Sources */,
			);
			runOnlyForDeploymentPostprocessing = 0;
		};
		1A67ED33211BEAFD00DCE871 /* Sources */ = {
			isa = PBXSourcesBuildPhase;
			buildActionMask = 2147483647;
			files = (
				1A67ED3D211BEAFD00DCE871 /* NervosProviderTests.swift in Sources */,
				1A58853A211DC759007043F1 /* AppChainTests.swift in Sources */,
				1A0529C2214279A500C847CA /* NervosTransactionUnsignerTests.swift in Sources */,
				1AD65FA62122AF4400AA4C84 /* NervosTransactionSignerTest.swift in Sources */,
				1A64297F211C63E000352209 /* Config.swift in Sources */,
				1A67ED5D211D1FF900DCE871 /* NervosTests.swift in Sources */,
				1A6B2B2C21534CEF003420A0 /* AddressTests.swift in Sources */,
				1AA6F63521527B25001DA165 /* IntExtensionTests.swift in Sources */,
				1A9204E22161BC0D004B54DC /* UtilsTests.swift in Sources */,
			);
			runOnlyForDeploymentPostprocessing = 0;
		};
/* End PBXSourcesBuildPhase section */

/* Begin PBXTargetDependency section */
		1A67ED3A211BEAFD00DCE871 /* PBXTargetDependency */ = {
			isa = PBXTargetDependency;
			target = 1A67ED2D211BEAFC00DCE871 /* Nervos */;
			targetProxy = 1A67ED39211BEAFD00DCE871 /* PBXContainerItemProxy */;
		};
/* End PBXTargetDependency section */

/* Begin XCBuildConfiguration section */
		1A67ED40211BEAFD00DCE871 /* Debug */ = {
			isa = XCBuildConfiguration;
			buildSettings = {
				ALWAYS_SEARCH_USER_PATHS = NO;
				CLANG_ANALYZER_NONNULL = YES;
				CLANG_ANALYZER_NUMBER_OBJECT_CONVERSION = YES_AGGRESSIVE;
				CLANG_CXX_LANGUAGE_STANDARD = "gnu++14";
				CLANG_CXX_LIBRARY = "libc++";
				CLANG_ENABLE_MODULES = YES;
				CLANG_ENABLE_OBJC_ARC = YES;
				CLANG_ENABLE_OBJC_WEAK = YES;
				CLANG_WARN_BLOCK_CAPTURE_AUTORELEASING = YES;
				CLANG_WARN_BOOL_CONVERSION = YES;
				CLANG_WARN_COMMA = YES;
				CLANG_WARN_CONSTANT_CONVERSION = YES;
				CLANG_WARN_DEPRECATED_OBJC_IMPLEMENTATIONS = YES;
				CLANG_WARN_DIRECT_OBJC_ISA_USAGE = YES_ERROR;
				CLANG_WARN_DOCUMENTATION_COMMENTS = YES;
				CLANG_WARN_EMPTY_BODY = YES;
				CLANG_WARN_ENUM_CONVERSION = YES;
				CLANG_WARN_INFINITE_RECURSION = YES;
				CLANG_WARN_INT_CONVERSION = YES;
				CLANG_WARN_NON_LITERAL_NULL_CONVERSION = YES;
				CLANG_WARN_OBJC_IMPLICIT_RETAIN_SELF = YES;
				CLANG_WARN_OBJC_LITERAL_CONVERSION = YES;
				CLANG_WARN_OBJC_ROOT_CLASS = YES_ERROR;
				CLANG_WARN_RANGE_LOOP_ANALYSIS = YES;
				CLANG_WARN_STRICT_PROTOTYPES = YES;
				CLANG_WARN_SUSPICIOUS_MOVE = YES;
				CLANG_WARN_UNGUARDED_AVAILABILITY = YES_AGGRESSIVE;
				CLANG_WARN_UNREACHABLE_CODE = YES;
				CLANG_WARN__DUPLICATE_METHOD_MATCH = YES;
				CODE_SIGN_IDENTITY = "iPhone Developer";
				COPY_PHASE_STRIP = NO;
				CURRENT_PROJECT_VERSION = 1;
				DEBUG_INFORMATION_FORMAT = dwarf;
				ENABLE_STRICT_OBJC_MSGSEND = YES;
				ENABLE_TESTABILITY = YES;
				GCC_C_LANGUAGE_STANDARD = gnu11;
				GCC_DYNAMIC_NO_PIC = NO;
				GCC_NO_COMMON_BLOCKS = YES;
				GCC_OPTIMIZATION_LEVEL = 0;
				GCC_PREPROCESSOR_DEFINITIONS = (
					"DEBUG=1",
					"$(inherited)",
				);
				GCC_WARN_64_TO_32_BIT_CONVERSION = YES;
				GCC_WARN_ABOUT_RETURN_TYPE = YES_ERROR;
				GCC_WARN_UNDECLARED_SELECTOR = YES;
				GCC_WARN_UNINITIALIZED_AUTOS = YES_AGGRESSIVE;
				GCC_WARN_UNUSED_FUNCTION = YES;
				GCC_WARN_UNUSED_VARIABLE = YES;
				IPHONEOS_DEPLOYMENT_TARGET = 11.4;
				MTL_ENABLE_DEBUG_INFO = YES;
				ONLY_ACTIVE_ARCH = YES;
				SDKROOT = iphoneos;
				SWIFT_ACTIVE_COMPILATION_CONDITIONS = DEBUG;
				SWIFT_OPTIMIZATION_LEVEL = "-Onone";
				VERSIONING_SYSTEM = "apple-generic";
				VERSION_INFO_PREFIX = "";
			};
			name = Debug;
		};
		1A67ED41211BEAFD00DCE871 /* Release */ = {
			isa = XCBuildConfiguration;
			buildSettings = {
				ALWAYS_SEARCH_USER_PATHS = NO;
				CLANG_ANALYZER_NONNULL = YES;
				CLANG_ANALYZER_NUMBER_OBJECT_CONVERSION = YES_AGGRESSIVE;
				CLANG_CXX_LANGUAGE_STANDARD = "gnu++14";
				CLANG_CXX_LIBRARY = "libc++";
				CLANG_ENABLE_MODULES = YES;
				CLANG_ENABLE_OBJC_ARC = YES;
				CLANG_ENABLE_OBJC_WEAK = YES;
				CLANG_WARN_BLOCK_CAPTURE_AUTORELEASING = YES;
				CLANG_WARN_BOOL_CONVERSION = YES;
				CLANG_WARN_COMMA = YES;
				CLANG_WARN_CONSTANT_CONVERSION = YES;
				CLANG_WARN_DEPRECATED_OBJC_IMPLEMENTATIONS = YES;
				CLANG_WARN_DIRECT_OBJC_ISA_USAGE = YES_ERROR;
				CLANG_WARN_DOCUMENTATION_COMMENTS = YES;
				CLANG_WARN_EMPTY_BODY = YES;
				CLANG_WARN_ENUM_CONVERSION = YES;
				CLANG_WARN_INFINITE_RECURSION = YES;
				CLANG_WARN_INT_CONVERSION = YES;
				CLANG_WARN_NON_LITERAL_NULL_CONVERSION = YES;
				CLANG_WARN_OBJC_IMPLICIT_RETAIN_SELF = YES;
				CLANG_WARN_OBJC_LITERAL_CONVERSION = YES;
				CLANG_WARN_OBJC_ROOT_CLASS = YES_ERROR;
				CLANG_WARN_RANGE_LOOP_ANALYSIS = YES;
				CLANG_WARN_STRICT_PROTOTYPES = YES;
				CLANG_WARN_SUSPICIOUS_MOVE = YES;
				CLANG_WARN_UNGUARDED_AVAILABILITY = YES_AGGRESSIVE;
				CLANG_WARN_UNREACHABLE_CODE = YES;
				CLANG_WARN__DUPLICATE_METHOD_MATCH = YES;
				CODE_SIGN_IDENTITY = "iPhone Developer";
				COPY_PHASE_STRIP = NO;
				CURRENT_PROJECT_VERSION = 1;
				DEBUG_INFORMATION_FORMAT = "dwarf-with-dsym";
				ENABLE_NS_ASSERTIONS = NO;
				ENABLE_STRICT_OBJC_MSGSEND = YES;
				GCC_C_LANGUAGE_STANDARD = gnu11;
				GCC_NO_COMMON_BLOCKS = YES;
				GCC_WARN_64_TO_32_BIT_CONVERSION = YES;
				GCC_WARN_ABOUT_RETURN_TYPE = YES_ERROR;
				GCC_WARN_UNDECLARED_SELECTOR = YES;
				GCC_WARN_UNINITIALIZED_AUTOS = YES_AGGRESSIVE;
				GCC_WARN_UNUSED_FUNCTION = YES;
				GCC_WARN_UNUSED_VARIABLE = YES;
				IPHONEOS_DEPLOYMENT_TARGET = 11.4;
				MTL_ENABLE_DEBUG_INFO = NO;
				SDKROOT = iphoneos;
				SWIFT_COMPILATION_MODE = wholemodule;
				SWIFT_OPTIMIZATION_LEVEL = "-O";
				VALIDATE_PRODUCT = YES;
				VERSIONING_SYSTEM = "apple-generic";
				VERSION_INFO_PREFIX = "";
			};
			name = Release;
		};
		1A67ED43211BEAFD00DCE871 /* Debug */ = {
			isa = XCBuildConfiguration;
			baseConfigurationReference = 97660DCBF57208A1791D7CED /* Pods-Nervos.debug.xcconfig */;
			buildSettings = {
				CLANG_ENABLE_MODULES = YES;
				CODE_SIGN_IDENTITY = "";
				CODE_SIGN_STYLE = Automatic;
				DEFINES_MODULE = YES;
				DYLIB_COMPATIBILITY_VERSION = 1;
				DYLIB_CURRENT_VERSION = 1;
				DYLIB_INSTALL_NAME_BASE = "@rpath";
				INFOPLIST_FILE = Source/Info.plist;
				INSTALL_PATH = "$(LOCAL_LIBRARY_DIR)/Frameworks";
				IPHONEOS_DEPLOYMENT_TARGET = 10.0;
				LD_RUNPATH_SEARCH_PATHS = (
					"$(inherited)",
					"@executable_path/Frameworks",
					"@loader_path/Frameworks",
				);
				PRODUCT_BUNDLE_IDENTIFIER = org.nervos.appchain;
				PRODUCT_NAME = "$(TARGET_NAME:c99extidentifier)";
				SKIP_INSTALL = YES;
				SWIFT_OPTIMIZATION_LEVEL = "-Onone";
				SWIFT_VERSION = 4.2;
				TARGETED_DEVICE_FAMILY = "1,2";
			};
			name = Debug;
		};
		1A67ED44211BEAFD00DCE871 /* Release */ = {
			isa = XCBuildConfiguration;
			baseConfigurationReference = 624397CF46A1E8EBCAD0932D /* Pods-Nervos.release.xcconfig */;
			buildSettings = {
				CLANG_ENABLE_MODULES = YES;
				CODE_SIGN_IDENTITY = "";
				CODE_SIGN_STYLE = Automatic;
				DEFINES_MODULE = YES;
				DYLIB_COMPATIBILITY_VERSION = 1;
				DYLIB_CURRENT_VERSION = 1;
				DYLIB_INSTALL_NAME_BASE = "@rpath";
				INFOPLIST_FILE = Source/Info.plist;
				INSTALL_PATH = "$(LOCAL_LIBRARY_DIR)/Frameworks";
				IPHONEOS_DEPLOYMENT_TARGET = 10.0;
				LD_RUNPATH_SEARCH_PATHS = (
					"$(inherited)",
					"@executable_path/Frameworks",
					"@loader_path/Frameworks",
				);
				PRODUCT_BUNDLE_IDENTIFIER = org.nervos.appchain;
				PRODUCT_NAME = "$(TARGET_NAME:c99extidentifier)";
				SKIP_INSTALL = YES;
				SWIFT_VERSION = 4.2;
				TARGETED_DEVICE_FAMILY = "1,2";
			};
			name = Release;
		};
		1A67ED46211BEAFD00DCE871 /* Debug */ = {
			isa = XCBuildConfiguration;
			baseConfigurationReference = 2592D768976DDA03188738F7 /* Pods-NervosTests.debug.xcconfig */;
			buildSettings = {
				CODE_SIGN_STYLE = Automatic;
				INFOPLIST_FILE = Tests/Info.plist;
				LD_RUNPATH_SEARCH_PATHS = (
					"$(inherited)",
					"@executable_path/Frameworks",
					"@loader_path/Frameworks",
				);
				PRODUCT_BUNDLE_IDENTIFIER = org.nervos.NervosTests;
				PRODUCT_NAME = "$(TARGET_NAME)";
				SWIFT_VERSION = 4.2;
				TARGETED_DEVICE_FAMILY = "1,2";
			};
			name = Debug;
		};
		1A67ED47211BEAFD00DCE871 /* Release */ = {
			isa = XCBuildConfiguration;
			baseConfigurationReference = 80F25F15A48449F02D1BECE8 /* Pods-NervosTests.release.xcconfig */;
			buildSettings = {
				CODE_SIGN_STYLE = Automatic;
				INFOPLIST_FILE = Tests/Info.plist;
				LD_RUNPATH_SEARCH_PATHS = (
					"$(inherited)",
					"@executable_path/Frameworks",
					"@loader_path/Frameworks",
				);
				PRODUCT_BUNDLE_IDENTIFIER = org.nervos.NervosTests;
				PRODUCT_NAME = "$(TARGET_NAME)";
				SWIFT_VERSION = 4.2;
				TARGETED_DEVICE_FAMILY = "1,2";
			};
			name = Release;
		};
/* End XCBuildConfiguration section */

/* Begin XCConfigurationList section */
		1A67ED28211BEAFC00DCE871 /* Build configuration list for PBXProject "Nervos" */ = {
			isa = XCConfigurationList;
			buildConfigurations = (
				1A67ED40211BEAFD00DCE871 /* Debug */,
				1A67ED41211BEAFD00DCE871 /* Release */,
			);
			defaultConfigurationIsVisible = 0;
			defaultConfigurationName = Release;
		};
		1A67ED42211BEAFD00DCE871 /* Build configuration list for PBXNativeTarget "Nervos" */ = {
			isa = XCConfigurationList;
			buildConfigurations = (
				1A67ED43211BEAFD00DCE871 /* Debug */,
				1A67ED44211BEAFD00DCE871 /* Release */,
			);
			defaultConfigurationIsVisible = 0;
			defaultConfigurationName = Release;
		};
		1A67ED45211BEAFD00DCE871 /* Build configuration list for PBXNativeTarget "NervosTests" */ = {
			isa = XCConfigurationList;
			buildConfigurations = (
				1A67ED46211BEAFD00DCE871 /* Debug */,
				1A67ED47211BEAFD00DCE871 /* Release */,
			);
			defaultConfigurationIsVisible = 0;
			defaultConfigurationName = Release;
		};
/* End XCConfigurationList section */
	};
	rootObject = 1A67ED25211BEAFC00DCE871 /* Project object */;
}
